// !$*UTF8*$!
{
	archiveVersion = 1;
	classes = {
	};
	objectVersion = 46;
	objects = {

/* Begin PBXBuildFile section */
		530E0C8916CB3D100048AAEE /* SODribbbleAPIClient.m in Sources */ = {isa = PBXBuildFile; fileRef = 530E0C6016CB3D0F0048AAEE /* SODribbbleAPIClient.m */; };
		530E0C8A16CB3D100048AAEE /* SODribbbleUser.m in Sources */ = {isa = PBXBuildFile; fileRef = 530E0C6216CB3D0F0048AAEE /* SODribbbleUser.m */; };
		530E0C8B16CB3D100048AAEE /* SOFacebookAPIClient.m in Sources */ = {isa = PBXBuildFile; fileRef = 530E0C6516CB3D0F0048AAEE /* SOFacebookAPIClient.m */; };
		530E0C8C16CB3D100048AAEE /* SOFacebookUser.m in Sources */ = {isa = PBXBuildFile; fileRef = 530E0C6716CB3D0F0048AAEE /* SOFacebookUser.m */; };
		530E0C8D16CB3D100048AAEE /* SOInstagramAPIClient.m in Sources */ = {isa = PBXBuildFile; fileRef = 530E0C6A16CB3D0F0048AAEE /* SOInstagramAPIClient.m */; };
		530E0C8E16CB3D100048AAEE /* SOInstagramUser.m in Sources */ = {isa = PBXBuildFile; fileRef = 530E0C6C16CB3D0F0048AAEE /* SOInstagramUser.m */; };
		530E0C8F16CB3D100048AAEE /* SOPinterestAPIClient.m in Sources */ = {isa = PBXBuildFile; fileRef = 530E0C6F16CB3D0F0048AAEE /* SOPinterestAPIClient.m */; };
		530E0C9016CB3D100048AAEE /* SOPinterestUser.m in Sources */ = {isa = PBXBuildFile; fileRef = 530E0C7116CB3D0F0048AAEE /* SOPinterestUser.m */; };
		530E0C9116CB3D100048AAEE /* SOAccount.m in Sources */ = {isa = PBXBuildFile; fileRef = 530E0C7316CB3D0F0048AAEE /* SOAccount.m */; };
		530E0C9216CB3D100048AAEE /* SOAccountCredential.m in Sources */ = {isa = PBXBuildFile; fileRef = 530E0C7516CB3D0F0048AAEE /* SOAccountCredential.m */; };
		530E0C9316CB3D100048AAEE /* SOAccountStore.m in Sources */ = {isa = PBXBuildFile; fileRef = 530E0C7716CB3D0F0048AAEE /* SOAccountStore.m */; };
		530E0C9416CB3D100048AAEE /* SOAccountType.m in Sources */ = {isa = PBXBuildFile; fileRef = 530E0C7916CB3D0F0048AAEE /* SOAccountType.m */; };
		530E0C9516CB3D100048AAEE /* SocialAccounts.bundle in Resources */ = {isa = PBXBuildFile; fileRef = 530E0C7A16CB3D0F0048AAEE /* SocialAccounts.bundle */; };
		530E0C9616CB3D100048AAEE /* SOTumblrBlog.m in Sources */ = {isa = PBXBuildFile; fileRef = 530E0C7F16CB3D0F0048AAEE /* SOTumblrBlog.m */; };
		530E0C9716CB3D100048AAEE /* SOTumblrUser.m in Sources */ = {isa = PBXBuildFile; fileRef = 530E0C8116CB3D0F0048AAEE /* SOTumblrUser.m */; };
		530E0C9816CB3D100048AAEE /* SOTumblrAPIClient.m in Sources */ = {isa = PBXBuildFile; fileRef = 530E0C8316CB3D0F0048AAEE /* SOTumblrAPIClient.m */; };
		530E0C9916CB3D100048AAEE /* SOTwitterUser.m in Sources */ = {isa = PBXBuildFile; fileRef = 530E0C8616CB3D100048AAEE /* SOTwitterUser.m */; };
		530E0C9A16CB3D100048AAEE /* SOTwitterAPIClient.m in Sources */ = {isa = PBXBuildFile; fileRef = 530E0C8816CB3D100048AAEE /* SOTwitterAPIClient.m */; };
		530E0CAF16CB3D9A0048AAEE /* AFHTTPClient.m in Sources */ = {isa = PBXBuildFile; fileRef = 530E0C9D16CB3D9A0048AAEE /* AFHTTPClient.m */; };
		530E0CB016CB3D9A0048AAEE /* AFHTTPRequestOperation.m in Sources */ = {isa = PBXBuildFile; fileRef = 530E0C9F16CB3D9A0048AAEE /* AFHTTPRequestOperation.m */; };
		530E0CB116CB3D9A0048AAEE /* AFImageRequestOperation.m in Sources */ = {isa = PBXBuildFile; fileRef = 530E0CA116CB3D9A0048AAEE /* AFImageRequestOperation.m */; };
		530E0CB216CB3D9A0048AAEE /* AFJSONRequestOperation.m in Sources */ = {isa = PBXBuildFile; fileRef = 530E0CA316CB3D9A0048AAEE /* AFJSONRequestOperation.m */; };
		530E0CB316CB3D9A0048AAEE /* AFNetworkActivityIndicatorManager.m in Sources */ = {isa = PBXBuildFile; fileRef = 530E0CA516CB3D9A0048AAEE /* AFNetworkActivityIndicatorManager.m */; };
		530E0CB416CB3D9A0048AAEE /* AFPropertyListRequestOperation.m in Sources */ = {isa = PBXBuildFile; fileRef = 530E0CA816CB3D9A0048AAEE /* AFPropertyListRequestOperation.m */; };
		530E0CB516CB3D9A0048AAEE /* AFURLConnectionOperation.m in Sources */ = {isa = PBXBuildFile; fileRef = 530E0CAA16CB3D9A0048AAEE /* AFURLConnectionOperation.m */; };
		530E0CB616CB3D9A0048AAEE /* AFXMLRequestOperation.m in Sources */ = {isa = PBXBuildFile; fileRef = 530E0CAC16CB3D9A0048AAEE /* AFXMLRequestOperation.m */; };
		530E0CB716CB3D9A0048AAEE /* UIImageView+AFNetworking.m in Sources */ = {isa = PBXBuildFile; fileRef = 530E0CAE16CB3D9A0048AAEE /* UIImageView+AFNetworking.m */; };
		53332B8B16D4515800A860BA /* SOOAuth2ViewController.m in Sources */ = {isa = PBXBuildFile; fileRef = 53332B8A16D4515800A860BA /* SOOAuth2ViewController.m */; };
		5340E82116BED59300C53EF5 /* AppDelegate.m in Sources */ = {isa = PBXBuildFile; fileRef = 5340E81816BED59300C53EF5 /* AppDelegate.m */; };
		5340E82216BED59300C53EF5 /* Default-568h@2x.png in Resources */ = {isa = PBXBuildFile; fileRef = 5340E81916BED59300C53EF5 /* Default-568h@2x.png */; };
		5340E82316BED59300C53EF5 /* Default.png in Resources */ = {isa = PBXBuildFile; fileRef = 5340E81A16BED59300C53EF5 /* Default.png */; };
		5340E82416BED59300C53EF5 /* Default@2x.png in Resources */ = {isa = PBXBuildFile; fileRef = 5340E81B16BED59300C53EF5 /* Default@2x.png */; };
		5340E82516BED59300C53EF5 /* main.m in Sources */ = {isa = PBXBuildFile; fileRef = 5340E81C16BED59300C53EF5 /* main.m */; };
		5340E82716BED59300C53EF5 /* ViewController.m in Sources */ = {isa = PBXBuildFile; fileRef = 5340E82016BED59300C53EF5 /* ViewController.m */; };
		5340E82C16BED6DD00C53EF5 /* InfoPlist.strings in Resources */ = {isa = PBXBuildFile; fileRef = 5340E82816BED6DC00C53EF5 /* InfoPlist.strings */; };
		5340E82D16BED6DD00C53EF5 /* MainStoryboard.storyboard in Resources */ = {isa = PBXBuildFile; fileRef = 5340E82A16BED6DD00C53EF5 /* MainStoryboard.storyboard */; };
		5340E83616BEDA8300C53EF5 /* Accounts.framework in Frameworks */ = {isa = PBXBuildFile; fileRef = 5340E83516BEDA8300C53EF5 /* Accounts.framework */; };
		536CE2531712459C005CA828 /* SOGithubAPIClient.m in Sources */ = {isa = PBXBuildFile; fileRef = 536CE24B1712459C005CA828 /* SOGithubAPIClient.m */; };
		536CE2541712459C005CA828 /* SOGithubUser.m in Sources */ = {isa = PBXBuildFile; fileRef = 536CE24D1712459C005CA828 /* SOGithubUser.m */; };
		536CE2551712459C005CA828 /* SOFoursquareAPIClient.m in Sources */ = {isa = PBXBuildFile; fileRef = 536CE2501712459C005CA828 /* SOFoursquareAPIClient.m */; };
		536CE2561712459C005CA828 /* SOFoursquareUser.m in Sources */ = {isa = PBXBuildFile; fileRef = 536CE2521712459C005CA828 /* SOFoursquareUser.m */; };
		536CE25C171245A8005CA828 /* SOFiveHundredspxAPIClient.m in Sources */ = {isa = PBXBuildFile; fileRef = 536CE259171245A8005CA828 /* SOFiveHundredspxAPIClient.m */; };
		536CE25D171245A8005CA828 /* SOFiveHundredspxUser.m in Sources */ = {isa = PBXBuildFile; fileRef = 536CE25B171245A8005CA828 /* SOFiveHundredspxUser.m */; };
		538E653A16BF33C9005B6350 /* GTMOAuthAuthentication.m in Sources */ = {isa = PBXBuildFile; fileRef = 538E652C16BF33C9005B6350 /* GTMOAuthAuthentication.m */; settings = {COMPILER_FLAGS = "-fno-objc-arc"; }; };
		538E653B16BF33C9005B6350 /* GTMOAuthSignIn.m in Sources */ = {isa = PBXBuildFile; fileRef = 538E652E16BF33C9005B6350 /* GTMOAuthSignIn.m */; settings = {COMPILER_FLAGS = "-fno-objc-arc"; }; };
		538E653C16BF33C9005B6350 /* GTMOAuthViewControllerTouch.m in Sources */ = {isa = PBXBuildFile; fileRef = 538E653016BF33C9005B6350 /* GTMOAuthViewControllerTouch.m */; settings = {COMPILER_FLAGS = "-fno-objc-arc"; }; };
		538E653D16BF33C9005B6350 /* GTMOAuthViewTouch.xib in Resources */ = {isa = PBXBuildFile; fileRef = 538E653116BF33C9005B6350 /* GTMOAuthViewTouch.xib */; };
		538E653E16BF33C9005B6350 /* GTMOAuth2Authentication.m in Sources */ = {isa = PBXBuildFile; fileRef = 538E653416BF33C9005B6350 /* GTMOAuth2Authentication.m */; settings = {COMPILER_FLAGS = "-fno-objc-arc"; }; };
		538E653F16BF33C9005B6350 /* GTMOAuth2SignIn.m in Sources */ = {isa = PBXBuildFile; fileRef = 538E653616BF33C9005B6350 /* GTMOAuth2SignIn.m */; settings = {COMPILER_FLAGS = "-fno-objc-arc"; }; };
		538E654016BF33C9005B6350 /* GTMOAuth2ViewControllerTouch.m in Sources */ = {isa = PBXBuildFile; fileRef = 538E653816BF33C9005B6350 /* GTMOAuth2ViewControllerTouch.m */; settings = {COMPILER_FLAGS = "-fno-objc-arc"; }; };
		538E654116BF33C9005B6350 /* GTMOAuth2ViewTouch.xib in Resources */ = {isa = PBXBuildFile; fileRef = 538E653916BF33C9005B6350 /* GTMOAuth2ViewTouch.xib */; };
		538E656716BF346B005B6350 /* GTMHTTPFetcher.m in Sources */ = {isa = PBXBuildFile; fileRef = 538E656216BF346B005B6350 /* GTMHTTPFetcher.m */; settings = {COMPILER_FLAGS = "-fno-objc-arc"; }; };
		538E656816BF346B005B6350 /* GTMHTTPFetcherService.m in Sources */ = {isa = PBXBuildFile; fileRef = 538E656416BF346B005B6350 /* GTMHTTPFetcherService.m */; settings = {COMPILER_FLAGS = "-fno-objc-arc"; }; };
		538E656916BF346B005B6350 /* GTMHTTPFetchHistory.m in Sources */ = {isa = PBXBuildFile; fileRef = 538E656616BF346B005B6350 /* GTMHTTPFetchHistory.m */; settings = {COMPILER_FLAGS = "-fno-objc-arc"; }; };
		53B5BE6916B4609200D2EBB1 /* UIKit.framework in Frameworks */ = {isa = PBXBuildFile; fileRef = 53B5BE6816B4609200D2EBB1 /* UIKit.framework */; };
		53B5BE6B16B4609200D2EBB1 /* Foundation.framework in Frameworks */ = {isa = PBXBuildFile; fileRef = 53B5BE6A16B4609200D2EBB1 /* Foundation.framework */; };
		53B5BE6D16B4609200D2EBB1 /* CoreGraphics.framework in Frameworks */ = {isa = PBXBuildFile; fileRef = 53B5BE6C16B4609200D2EBB1 /* CoreGraphics.framework */; };
		53B5BECD16B4642200D2EBB1 /* SystemConfiguration.framework in Frameworks */ = {isa = PBXBuildFile; fileRef = 53B5BECC16B4642200D2EBB1 /* SystemConfiguration.framework */; };
		53B5BECF16B4643100D2EBB1 /* Security.framework in Frameworks */ = {isa = PBXBuildFile; fileRef = 53B5BECE16B4643100D2EBB1 /* Security.framework */; };
/* End PBXBuildFile section */

/* Begin PBXFileReference section */
		530E0C5F16CB3D0F0048AAEE /* SODribbbleAPIClient.h */ = {isa = PBXFileReference; fileEncoding = 4; lastKnownFileType = sourcecode.c.h; path = SODribbbleAPIClient.h; sourceTree = "<group>"; };
		530E0C6016CB3D0F0048AAEE /* SODribbbleAPIClient.m */ = {isa = PBXFileReference; fileEncoding = 4; lastKnownFileType = sourcecode.c.objc; path = SODribbbleAPIClient.m; sourceTree = "<group>"; };
		530E0C6116CB3D0F0048AAEE /* SODribbbleUser.h */ = {isa = PBXFileReference; fileEncoding = 4; lastKnownFileType = sourcecode.c.h; path = SODribbbleUser.h; sourceTree = "<group>"; };
		530E0C6216CB3D0F0048AAEE /* SODribbbleUser.m */ = {isa = PBXFileReference; fileEncoding = 4; lastKnownFileType = sourcecode.c.objc; path = SODribbbleUser.m; sourceTree = "<group>"; };
		530E0C6416CB3D0F0048AAEE /* SOFacebookAPIClient.h */ = {isa = PBXFileReference; fileEncoding = 4; lastKnownFileType = sourcecode.c.h; path = SOFacebookAPIClient.h; sourceTree = "<group>"; };
		530E0C6516CB3D0F0048AAEE /* SOFacebookAPIClient.m */ = {isa = PBXFileReference; fileEncoding = 4; lastKnownFileType = sourcecode.c.objc; path = SOFacebookAPIClient.m; sourceTree = "<group>"; };
		530E0C6616CB3D0F0048AAEE /* SOFacebookUser.h */ = {isa = PBXFileReference; fileEncoding = 4; lastKnownFileType = sourcecode.c.h; path = SOFacebookUser.h; sourceTree = "<group>"; };
		530E0C6716CB3D0F0048AAEE /* SOFacebookUser.m */ = {isa = PBXFileReference; fileEncoding = 4; lastKnownFileType = sourcecode.c.objc; path = SOFacebookUser.m; sourceTree = "<group>"; };
		530E0C6916CB3D0F0048AAEE /* SOInstagramAPIClient.h */ = {isa = PBXFileReference; fileEncoding = 4; lastKnownFileType = sourcecode.c.h; path = SOInstagramAPIClient.h; sourceTree = "<group>"; };
		530E0C6A16CB3D0F0048AAEE /* SOInstagramAPIClient.m */ = {isa = PBXFileReference; fileEncoding = 4; lastKnownFileType = sourcecode.c.objc; path = SOInstagramAPIClient.m; sourceTree = "<group>"; };
		530E0C6B16CB3D0F0048AAEE /* SOInstagramUser.h */ = {isa = PBXFileReference; fileEncoding = 4; lastKnownFileType = sourcecode.c.h; path = SOInstagramUser.h; sourceTree = "<group>"; };
		530E0C6C16CB3D0F0048AAEE /* SOInstagramUser.m */ = {isa = PBXFileReference; fileEncoding = 4; lastKnownFileType = sourcecode.c.objc; path = SOInstagramUser.m; sourceTree = "<group>"; };
		530E0C6E16CB3D0F0048AAEE /* SOPinterestAPIClient.h */ = {isa = PBXFileReference; fileEncoding = 4; lastKnownFileType = sourcecode.c.h; path = SOPinterestAPIClient.h; sourceTree = "<group>"; };
		530E0C6F16CB3D0F0048AAEE /* SOPinterestAPIClient.m */ = {isa = PBXFileReference; fileEncoding = 4; lastKnownFileType = sourcecode.c.objc; path = SOPinterestAPIClient.m; sourceTree = "<group>"; };
		530E0C7016CB3D0F0048AAEE /* SOPinterestUser.h */ = {isa = PBXFileReference; fileEncoding = 4; lastKnownFileType = sourcecode.c.h; path = SOPinterestUser.h; sourceTree = "<group>"; };
		530E0C7116CB3D0F0048AAEE /* SOPinterestUser.m */ = {isa = PBXFileReference; fileEncoding = 4; lastKnownFileType = sourcecode.c.objc; path = SOPinterestUser.m; sourceTree = "<group>"; };
		530E0C7216CB3D0F0048AAEE /* SOAccount.h */ = {isa = PBXFileReference; fileEncoding = 4; lastKnownFileType = sourcecode.c.h; path = SOAccount.h; sourceTree = "<group>"; };
		530E0C7316CB3D0F0048AAEE /* SOAccount.m */ = {isa = PBXFileReference; fileEncoding = 4; lastKnownFileType = sourcecode.c.objc; path = SOAccount.m; sourceTree = "<group>"; };
		530E0C7416CB3D0F0048AAEE /* SOAccountCredential.h */ = {isa = PBXFileReference; fileEncoding = 4; lastKnownFileType = sourcecode.c.h; path = SOAccountCredential.h; sourceTree = "<group>"; };
		530E0C7516CB3D0F0048AAEE /* SOAccountCredential.m */ = {isa = PBXFileReference; fileEncoding = 4; lastKnownFileType = sourcecode.c.objc; path = SOAccountCredential.m; sourceTree = "<group>"; };
		530E0C7616CB3D0F0048AAEE /* SOAccountStore.h */ = {isa = PBXFileReference; fileEncoding = 4; lastKnownFileType = sourcecode.c.h; path = SOAccountStore.h; sourceTree = "<group>"; };
		530E0C7716CB3D0F0048AAEE /* SOAccountStore.m */ = {isa = PBXFileReference; fileEncoding = 4; lastKnownFileType = sourcecode.c.objc; path = SOAccountStore.m; sourceTree = "<group>"; };
		530E0C7816CB3D0F0048AAEE /* SOAccountType.h */ = {isa = PBXFileReference; fileEncoding = 4; lastKnownFileType = sourcecode.c.h; path = SOAccountType.h; sourceTree = "<group>"; };
		530E0C7916CB3D0F0048AAEE /* SOAccountType.m */ = {isa = PBXFileReference; fileEncoding = 4; lastKnownFileType = sourcecode.c.objc; path = SOAccountType.m; sourceTree = "<group>"; };
		530E0C7A16CB3D0F0048AAEE /* SocialAccounts.bundle */ = {isa = PBXFileReference; lastKnownFileType = "wrapper.plug-in"; path = SocialAccounts.bundle; sourceTree = "<group>"; };
		530E0C7B16CB3D0F0048AAEE /* SocialAccounts.h */ = {isa = PBXFileReference; fileEncoding = 4; lastKnownFileType = sourcecode.c.h; path = SocialAccounts.h; sourceTree = "<group>"; };
		530E0C7C16CB3D0F0048AAEE /* SOUser.h */ = {isa = PBXFileReference; fileEncoding = 4; lastKnownFileType = sourcecode.c.h; path = SOUser.h; sourceTree = "<group>"; };
		530E0C7E16CB3D0F0048AAEE /* SOTumblrBlog.h */ = {isa = PBXFileReference; fileEncoding = 4; lastKnownFileType = sourcecode.c.h; path = SOTumblrBlog.h; sourceTree = "<group>"; };
		530E0C7F16CB3D0F0048AAEE /* SOTumblrBlog.m */ = {isa = PBXFileReference; fileEncoding = 4; lastKnownFileType = sourcecode.c.objc; path = SOTumblrBlog.m; sourceTree = "<group>"; };
		530E0C8016CB3D0F0048AAEE /* SOTumblrUser.h */ = {isa = PBXFileReference; fileEncoding = 4; lastKnownFileType = sourcecode.c.h; path = SOTumblrUser.h; sourceTree = "<group>"; };
		530E0C8116CB3D0F0048AAEE /* SOTumblrUser.m */ = {isa = PBXFileReference; fileEncoding = 4; lastKnownFileType = sourcecode.c.objc; path = SOTumblrUser.m; sourceTree = "<group>"; };
		530E0C8216CB3D0F0048AAEE /* SOTumblrAPIClient.h */ = {isa = PBXFileReference; fileEncoding = 4; lastKnownFileType = sourcecode.c.h; path = SOTumblrAPIClient.h; sourceTree = "<group>"; };
		530E0C8316CB3D0F0048AAEE /* SOTumblrAPIClient.m */ = {isa = PBXFileReference; fileEncoding = 4; lastKnownFileType = sourcecode.c.objc; path = SOTumblrAPIClient.m; sourceTree = "<group>"; };
		530E0C8516CB3D0F0048AAEE /* SOTwitterUser.h */ = {isa = PBXFileReference; fileEncoding = 4; lastKnownFileType = sourcecode.c.h; path = SOTwitterUser.h; sourceTree = "<group>"; };
		530E0C8616CB3D100048AAEE /* SOTwitterUser.m */ = {isa = PBXFileReference; fileEncoding = 4; lastKnownFileType = sourcecode.c.objc; path = SOTwitterUser.m; sourceTree = "<group>"; };
		530E0C8716CB3D100048AAEE /* SOTwitterAPIClient.h */ = {isa = PBXFileReference; fileEncoding = 4; lastKnownFileType = sourcecode.c.h; path = SOTwitterAPIClient.h; sourceTree = "<group>"; };
		530E0C8816CB3D100048AAEE /* SOTwitterAPIClient.m */ = {isa = PBXFileReference; fileEncoding = 4; lastKnownFileType = sourcecode.c.objc; path = SOTwitterAPIClient.m; sourceTree = "<group>"; };
		530E0C9C16CB3D9A0048AAEE /* AFHTTPClient.h */ = {isa = PBXFileReference; fileEncoding = 4; lastKnownFileType = sourcecode.c.h; path = AFHTTPClient.h; sourceTree = "<group>"; };
		530E0C9D16CB3D9A0048AAEE /* AFHTTPClient.m */ = {isa = PBXFileReference; fileEncoding = 4; lastKnownFileType = sourcecode.c.objc; path = AFHTTPClient.m; sourceTree = "<group>"; };
		530E0C9E16CB3D9A0048AAEE /* AFHTTPRequestOperation.h */ = {isa = PBXFileReference; fileEncoding = 4; lastKnownFileType = sourcecode.c.h; path = AFHTTPRequestOperation.h; sourceTree = "<group>"; };
		530E0C9F16CB3D9A0048AAEE /* AFHTTPRequestOperation.m */ = {isa = PBXFileReference; fileEncoding = 4; lastKnownFileType = sourcecode.c.objc; path = AFHTTPRequestOperation.m; sourceTree = "<group>"; };
		530E0CA016CB3D9A0048AAEE /* AFImageRequestOperation.h */ = {isa = PBXFileReference; fileEncoding = 4; lastKnownFileType = sourcecode.c.h; path = AFImageRequestOperation.h; sourceTree = "<group>"; };
		530E0CA116CB3D9A0048AAEE /* AFImageRequestOperation.m */ = {isa = PBXFileReference; fileEncoding = 4; lastKnownFileType = sourcecode.c.objc; path = AFImageRequestOperation.m; sourceTree = "<group>"; };
		530E0CA216CB3D9A0048AAEE /* AFJSONRequestOperation.h */ = {isa = PBXFileReference; fileEncoding = 4; lastKnownFileType = sourcecode.c.h; path = AFJSONRequestOperation.h; sourceTree = "<group>"; };
		530E0CA316CB3D9A0048AAEE /* AFJSONRequestOperation.m */ = {isa = PBXFileReference; fileEncoding = 4; lastKnownFileType = sourcecode.c.objc; path = AFJSONRequestOperation.m; sourceTree = "<group>"; };
		530E0CA416CB3D9A0048AAEE /* AFNetworkActivityIndicatorManager.h */ = {isa = PBXFileReference; fileEncoding = 4; lastKnownFileType = sourcecode.c.h; path = AFNetworkActivityIndicatorManager.h; sourceTree = "<group>"; };
		530E0CA516CB3D9A0048AAEE /* AFNetworkActivityIndicatorManager.m */ = {isa = PBXFileReference; fileEncoding = 4; lastKnownFileType = sourcecode.c.objc; path = AFNetworkActivityIndicatorManager.m; sourceTree = "<group>"; };
		530E0CA616CB3D9A0048AAEE /* AFNetworking.h */ = {isa = PBXFileReference; fileEncoding = 4; lastKnownFileType = sourcecode.c.h; path = AFNetworking.h; sourceTree = "<group>"; };
		530E0CA716CB3D9A0048AAEE /* AFPropertyListRequestOperation.h */ = {isa = PBXFileReference; fileEncoding = 4; lastKnownFileType = sourcecode.c.h; path = AFPropertyListRequestOperation.h; sourceTree = "<group>"; };
		530E0CA816CB3D9A0048AAEE /* AFPropertyListRequestOperation.m */ = {isa = PBXFileReference; fileEncoding = 4; lastKnownFileType = sourcecode.c.objc; path = AFPropertyListRequestOperation.m; sourceTree = "<group>"; };
		530E0CA916CB3D9A0048AAEE /* AFURLConnectionOperation.h */ = {isa = PBXFileReference; fileEncoding = 4; lastKnownFileType = sourcecode.c.h; path = AFURLConnectionOperation.h; sourceTree = "<group>"; };
		530E0CAA16CB3D9A0048AAEE /* AFURLConnectionOperation.m */ = {isa = PBXFileReference; fileEncoding = 4; lastKnownFileType = sourcecode.c.objc; path = AFURLConnectionOperation.m; sourceTree = "<group>"; };
		530E0CAB16CB3D9A0048AAEE /* AFXMLRequestOperation.h */ = {isa = PBXFileReference; fileEncoding = 4; lastKnownFileType = sourcecode.c.h; path = AFXMLRequestOperation.h; sourceTree = "<group>"; };
		530E0CAC16CB3D9A0048AAEE /* AFXMLRequestOperation.m */ = {isa = PBXFileReference; fileEncoding = 4; lastKnownFileType = sourcecode.c.objc; path = AFXMLRequestOperation.m; sourceTree = "<group>"; };
		530E0CAD16CB3D9A0048AAEE /* UIImageView+AFNetworking.h */ = {isa = PBXFileReference; fileEncoding = 4; lastKnownFileType = sourcecode.c.h; path = "UIImageView+AFNetworking.h"; sourceTree = "<group>"; };
		530E0CAE16CB3D9A0048AAEE /* UIImageView+AFNetworking.m */ = {isa = PBXFileReference; fileEncoding = 4; lastKnownFileType = sourcecode.c.objc; path = "UIImageView+AFNetworking.m"; sourceTree = "<group>"; };
		53332B8916D4515800A860BA /* SOOAuth2ViewController.h */ = {isa = PBXFileReference; fileEncoding = 4; lastKnownFileType = sourcecode.c.h; path = SOOAuth2ViewController.h; sourceTree = "<group>"; };
		53332B8A16D4515800A860BA /* SOOAuth2ViewController.m */ = {isa = PBXFileReference; fileEncoding = 4; lastKnownFileType = sourcecode.c.objc; path = SOOAuth2ViewController.m; sourceTree = "<group>"; };
		5340E81716BED59300C53EF5 /* AppDelegate.h */ = {isa = PBXFileReference; fileEncoding = 4; lastKnownFileType = sourcecode.c.h; name = AppDelegate.h; path = SocialAccountsSample/AppDelegate.h; sourceTree = SOURCE_ROOT; };
		5340E81816BED59300C53EF5 /* AppDelegate.m */ = {isa = PBXFileReference; fileEncoding = 4; lastKnownFileType = sourcecode.c.objc; name = AppDelegate.m; path = SocialAccountsSample/AppDelegate.m; sourceTree = SOURCE_ROOT; };
		5340E81916BED59300C53EF5 /* Default-568h@2x.png */ = {isa = PBXFileReference; lastKnownFileType = image.png; name = "Default-568h@2x.png"; path = "SocialAccountsSample/Default-568h@2x.png"; sourceTree = SOURCE_ROOT; };
		5340E81A16BED59300C53EF5 /* Default.png */ = {isa = PBXFileReference; lastKnownFileType = image.png; name = Default.png; path = SocialAccountsSample/Default.png; sourceTree = SOURCE_ROOT; };
		5340E81B16BED59300C53EF5 /* Default@2x.png */ = {isa = PBXFileReference; lastKnownFileType = image.png; name = "Default@2x.png"; path = "SocialAccountsSample/Default@2x.png"; sourceTree = SOURCE_ROOT; };
		5340E81C16BED59300C53EF5 /* main.m */ = {isa = PBXFileReference; fileEncoding = 4; lastKnownFileType = sourcecode.c.objc; name = main.m; path = SocialAccountsSample/main.m; sourceTree = SOURCE_ROOT; };
		5340E81D16BED59300C53EF5 /* SocialAccountsSample-Info.plist */ = {isa = PBXFileReference; fileEncoding = 4; lastKnownFileType = text.plist.xml; name = "SocialAccountsSample-Info.plist"; path = "SocialAccountsSample/SocialAccountsSample-Info.plist"; sourceTree = SOURCE_ROOT; };
		5340E81E16BED59300C53EF5 /* SocialAccountsSample-Prefix.pch */ = {isa = PBXFileReference; fileEncoding = 4; lastKnownFileType = sourcecode.c.h; name = "SocialAccountsSample-Prefix.pch"; path = "SocialAccountsSample/SocialAccountsSample-Prefix.pch"; sourceTree = SOURCE_ROOT; };
		5340E81F16BED59300C53EF5 /* ViewController.h */ = {isa = PBXFileReference; fileEncoding = 4; lastKnownFileType = sourcecode.c.h; name = ViewController.h; path = SocialAccountsSample/ViewController.h; sourceTree = SOURCE_ROOT; };
		5340E82016BED59300C53EF5 /* ViewController.m */ = {isa = PBXFileReference; fileEncoding = 4; lastKnownFileType = sourcecode.c.objc; name = ViewController.m; path = SocialAccountsSample/ViewController.m; sourceTree = SOURCE_ROOT; };
		5340E82916BED6DD00C53EF5 /* en */ = {isa = PBXFileReference; lastKnownFileType = text.plist.strings; name = en; path = SocialAccountsSample/en.lproj/InfoPlist.strings; sourceTree = SOURCE_ROOT; };
		5340E82B16BED6DD00C53EF5 /* en */ = {isa = PBXFileReference; lastKnownFileType = file.storyboard; name = en; path = SocialAccountsSample/en.lproj/MainStoryboard.storyboard; sourceTree = SOURCE_ROOT; };
		5340E83516BEDA8300C53EF5 /* Accounts.framework */ = {isa = PBXFileReference; lastKnownFileType = wrapper.framework; name = Accounts.framework; path = System/Library/Frameworks/Accounts.framework; sourceTree = SDKROOT; };
		536CE24A1712459C005CA828 /* SOGithubAPIClient.h */ = {isa = PBXFileReference; fileEncoding = 4; lastKnownFileType = sourcecode.c.h; path = SOGithubAPIClient.h; sourceTree = "<group>"; };
		536CE24B1712459C005CA828 /* SOGithubAPIClient.m */ = {isa = PBXFileReference; fileEncoding = 4; lastKnownFileType = sourcecode.c.objc; path = SOGithubAPIClient.m; sourceTree = "<group>"; };
		536CE24C1712459C005CA828 /* SOGithubUser.h */ = {isa = PBXFileReference; fileEncoding = 4; lastKnownFileType = sourcecode.c.h; path = SOGithubUser.h; sourceTree = "<group>"; };
		536CE24D1712459C005CA828 /* SOGithubUser.m */ = {isa = PBXFileReference; fileEncoding = 4; lastKnownFileType = sourcecode.c.objc; path = SOGithubUser.m; sourceTree = "<group>"; };
		536CE24F1712459C005CA828 /* SOFoursquareAPIClient.h */ = {isa = PBXFileReference; fileEncoding = 4; lastKnownFileType = sourcecode.c.h; path = SOFoursquareAPIClient.h; sourceTree = "<group>"; };
		536CE2501712459C005CA828 /* SOFoursquareAPIClient.m */ = {isa = PBXFileReference; fileEncoding = 4; lastKnownFileType = sourcecode.c.objc; path = SOFoursquareAPIClient.m; sourceTree = "<group>"; };
		536CE2511712459C005CA828 /* SOFoursquareUser.h */ = {isa = PBXFileReference; fileEncoding = 4; lastKnownFileType = sourcecode.c.h; path = SOFoursquareUser.h; sourceTree = "<group>"; };
		536CE2521712459C005CA828 /* SOFoursquareUser.m */ = {isa = PBXFileReference; fileEncoding = 4; lastKnownFileType = sourcecode.c.objc; path = SOFoursquareUser.m; sourceTree = "<group>"; };
		536CE258171245A8005CA828 /* SOFiveHundredspxAPIClient.h */ = {isa = PBXFileReference; fileEncoding = 4; lastKnownFileType = sourcecode.c.h; path = SOFiveHundredspxAPIClient.h; sourceTree = "<group>"; };
		536CE259171245A8005CA828 /* SOFiveHundredspxAPIClient.m */ = {isa = PBXFileReference; fileEncoding = 4; lastKnownFileType = sourcecode.c.objc; path = SOFiveHundredspxAPIClient.m; sourceTree = "<group>"; };
		536CE25A171245A8005CA828 /* SOFiveHundredspxUser.h */ = {isa = PBXFileReference; fileEncoding = 4; lastKnownFileType = sourcecode.c.h; path = SOFiveHundredspxUser.h; sourceTree = "<group>"; };
		536CE25B171245A8005CA828 /* SOFiveHundredspxUser.m */ = {isa = PBXFileReference; fileEncoding = 4; lastKnownFileType = sourcecode.c.objc; path = SOFiveHundredspxUser.m; sourceTree = "<group>"; };
		538E652B16BF33C9005B6350 /* GTMOAuthAuthentication.h */ = {isa = PBXFileReference; fileEncoding = 4; lastKnownFileType = sourcecode.c.h; path = GTMOAuthAuthentication.h; sourceTree = "<group>"; };
		538E652C16BF33C9005B6350 /* GTMOAuthAuthentication.m */ = {isa = PBXFileReference; fileEncoding = 4; lastKnownFileType = sourcecode.c.objc; path = GTMOAuthAuthentication.m; sourceTree = "<group>"; };
		538E652D16BF33C9005B6350 /* GTMOAuthSignIn.h */ = {isa = PBXFileReference; fileEncoding = 4; lastKnownFileType = sourcecode.c.h; path = GTMOAuthSignIn.h; sourceTree = "<group>"; };
		538E652E16BF33C9005B6350 /* GTMOAuthSignIn.m */ = {isa = PBXFileReference; fileEncoding = 4; lastKnownFileType = sourcecode.c.objc; path = GTMOAuthSignIn.m; sourceTree = "<group>"; };
		538E652F16BF33C9005B6350 /* GTMOAuthViewControllerTouch.h */ = {isa = PBXFileReference; fileEncoding = 4; lastKnownFileType = sourcecode.c.h; path = GTMOAuthViewControllerTouch.h; sourceTree = "<group>"; };
		538E653016BF33C9005B6350 /* GTMOAuthViewControllerTouch.m */ = {isa = PBXFileReference; fileEncoding = 4; lastKnownFileType = sourcecode.c.objc; path = GTMOAuthViewControllerTouch.m; sourceTree = "<group>"; };
		538E653116BF33C9005B6350 /* GTMOAuthViewTouch.xib */ = {isa = PBXFileReference; fileEncoding = 4; lastKnownFileType = file.xib; path = GTMOAuthViewTouch.xib; sourceTree = "<group>"; };
		538E653316BF33C9005B6350 /* GTMOAuth2Authentication.h */ = {isa = PBXFileReference; fileEncoding = 4; lastKnownFileType = sourcecode.c.h; path = GTMOAuth2Authentication.h; sourceTree = "<group>"; };
		538E653416BF33C9005B6350 /* GTMOAuth2Authentication.m */ = {isa = PBXFileReference; fileEncoding = 4; lastKnownFileType = sourcecode.c.objc; path = GTMOAuth2Authentication.m; sourceTree = "<group>"; };
		538E653516BF33C9005B6350 /* GTMOAuth2SignIn.h */ = {isa = PBXFileReference; fileEncoding = 4; lastKnownFileType = sourcecode.c.h; path = GTMOAuth2SignIn.h; sourceTree = "<group>"; };
		538E653616BF33C9005B6350 /* GTMOAuth2SignIn.m */ = {isa = PBXFileReference; fileEncoding = 4; lastKnownFileType = sourcecode.c.objc; path = GTMOAuth2SignIn.m; sourceTree = "<group>"; };
		538E653716BF33C9005B6350 /* GTMOAuth2ViewControllerTouch.h */ = {isa = PBXFileReference; fileEncoding = 4; lastKnownFileType = sourcecode.c.h; path = GTMOAuth2ViewControllerTouch.h; sourceTree = "<group>"; };
		538E653816BF33C9005B6350 /* GTMOAuth2ViewControllerTouch.m */ = {isa = PBXFileReference; fileEncoding = 4; lastKnownFileType = sourcecode.c.objc; path = GTMOAuth2ViewControllerTouch.m; sourceTree = "<group>"; };
		538E653916BF33C9005B6350 /* GTMOAuth2ViewTouch.xib */ = {isa = PBXFileReference; fileEncoding = 4; lastKnownFileType = file.xib; path = GTMOAuth2ViewTouch.xib; sourceTree = "<group>"; };
		538E656116BF346B005B6350 /* GTMHTTPFetcher.h */ = {isa = PBXFileReference; fileEncoding = 4; lastKnownFileType = sourcecode.c.h; path = GTMHTTPFetcher.h; sourceTree = "<group>"; };
		538E656216BF346B005B6350 /* GTMHTTPFetcher.m */ = {isa = PBXFileReference; fileEncoding = 4; lastKnownFileType = sourcecode.c.objc; path = GTMHTTPFetcher.m; sourceTree = "<group>"; };
		538E656316BF346B005B6350 /* GTMHTTPFetcherService.h */ = {isa = PBXFileReference; fileEncoding = 4; lastKnownFileType = sourcecode.c.h; path = GTMHTTPFetcherService.h; sourceTree = "<group>"; };
		538E656416BF346B005B6350 /* GTMHTTPFetcherService.m */ = {isa = PBXFileReference; fileEncoding = 4; lastKnownFileType = sourcecode.c.objc; path = GTMHTTPFetcherService.m; sourceTree = "<group>"; };
		538E656516BF346B005B6350 /* GTMHTTPFetchHistory.h */ = {isa = PBXFileReference; fileEncoding = 4; lastKnownFileType = sourcecode.c.h; path = GTMHTTPFetchHistory.h; sourceTree = "<group>"; };
		538E656616BF346B005B6350 /* GTMHTTPFetchHistory.m */ = {isa = PBXFileReference; fileEncoding = 4; lastKnownFileType = sourcecode.c.objc; path = GTMHTTPFetchHistory.m; sourceTree = "<group>"; };
		53B5BE6416B4609200D2EBB1 /* SocialAccountsSample.app */ = {isa = PBXFileReference; explicitFileType = wrapper.application; includeInIndex = 0; path = SocialAccountsSample.app; sourceTree = BUILT_PRODUCTS_DIR; };
		53B5BE6816B4609200D2EBB1 /* UIKit.framework */ = {isa = PBXFileReference; lastKnownFileType = wrapper.framework; name = UIKit.framework; path = System/Library/Frameworks/UIKit.framework; sourceTree = SDKROOT; };
		53B5BE6A16B4609200D2EBB1 /* Foundation.framework */ = {isa = PBXFileReference; lastKnownFileType = wrapper.framework; name = Foundation.framework; path = System/Library/Frameworks/Foundation.framework; sourceTree = SDKROOT; };
		53B5BE6C16B4609200D2EBB1 /* CoreGraphics.framework */ = {isa = PBXFileReference; lastKnownFileType = wrapper.framework; name = CoreGraphics.framework; path = System/Library/Frameworks/CoreGraphics.framework; sourceTree = SDKROOT; };
		53B5BECC16B4642200D2EBB1 /* SystemConfiguration.framework */ = {isa = PBXFileReference; lastKnownFileType = wrapper.framework; name = SystemConfiguration.framework; path = System/Library/Frameworks/SystemConfiguration.framework; sourceTree = SDKROOT; };
		53B5BECE16B4643100D2EBB1 /* Security.framework */ = {isa = PBXFileReference; lastKnownFileType = wrapper.framework; name = Security.framework; path = System/Library/Frameworks/Security.framework; sourceTree = SDKROOT; };
/* End PBXFileReference section */

/* Begin PBXFrameworksBuildPhase section */
		53B5BE6116B4609200D2EBB1 /* Frameworks */ = {
			isa = PBXFrameworksBuildPhase;
			buildActionMask = 2147483647;
			files = (
				5340E83616BEDA8300C53EF5 /* Accounts.framework in Frameworks */,
				53B5BE6916B4609200D2EBB1 /* UIKit.framework in Frameworks */,
				53B5BE6B16B4609200D2EBB1 /* Foundation.framework in Frameworks */,
				53B5BE6D16B4609200D2EBB1 /* CoreGraphics.framework in Frameworks */,
				53B5BECD16B4642200D2EBB1 /* SystemConfiguration.framework in Frameworks */,
				53B5BECF16B4643100D2EBB1 /* Security.framework in Frameworks */,
			);
			runOnlyForDeploymentPostprocessing = 0;
		};
/* End PBXFrameworksBuildPhase section */

/* Begin PBXGroup section */
		530E0C5C16CB3CFA0048AAEE /* Vendor */ = {
			isa = PBXGroup;
			children = (
				530E0C9B16CB3D9A0048AAEE /* AFNetworking */,
				538E656016BF346B005B6350 /* GTMHTTPFetcher */,
				538E652A16BF33C9005B6350 /* GTMOAuth */,
				538E653216BF33C9005B6350 /* GTMOAuth2 */,
			);
			name = Vendor;
			sourceTree = "<group>";
		};
		530E0C5D16CB3D0F0048AAEE /* SocialAccounts */ = {
			isa = PBXGroup;
			children = (
				536CE257171245A8005CA828 /* FiveHundredspx */,
				536CE2491712459C005CA828 /* Github */,
				536CE24E1712459C005CA828 /* Foursquare */,
				530E0C5E16CB3D0F0048AAEE /* Dribbble */,
				530E0C6316CB3D0F0048AAEE /* Facebook */,
				530E0C6816CB3D0F0048AAEE /* Instagram */,
				530E0C6D16CB3D0F0048AAEE /* Pinterest */,
				530E0C7216CB3D0F0048AAEE /* SOAccount.h */,
				530E0C7316CB3D0F0048AAEE /* SOAccount.m */,
				530E0C7416CB3D0F0048AAEE /* SOAccountCredential.h */,
				530E0C7516CB3D0F0048AAEE /* SOAccountCredential.m */,
				53332B8916D4515800A860BA /* SOOAuth2ViewController.h */,
				53332B8A16D4515800A860BA /* SOOAuth2ViewController.m */,
				530E0C7616CB3D0F0048AAEE /* SOAccountStore.h */,
				530E0C7716CB3D0F0048AAEE /* SOAccountStore.m */,
				530E0C7816CB3D0F0048AAEE /* SOAccountType.h */,
				530E0C7916CB3D0F0048AAEE /* SOAccountType.m */,
				530E0C7A16CB3D0F0048AAEE /* SocialAccounts.bundle */,
				530E0C7B16CB3D0F0048AAEE /* SocialAccounts.h */,
				530E0C7C16CB3D0F0048AAEE /* SOUser.h */,
				530E0C7D16CB3D0F0048AAEE /* Tumblr */,
				530E0C8416CB3D0F0048AAEE /* Twitter */,
			);
			name = SocialAccounts;
			path = ../SocialAccounts;
			sourceTree = "<group>";
		};
		530E0C5E16CB3D0F0048AAEE /* Dribbble */ = {
			isa = PBXGroup;
			children = (
				530E0C5F16CB3D0F0048AAEE /* SODribbbleAPIClient.h */,
				530E0C6016CB3D0F0048AAEE /* SODribbbleAPIClient.m */,
				530E0C6116CB3D0F0048AAEE /* SODribbbleUser.h */,
				530E0C6216CB3D0F0048AAEE /* SODribbbleUser.m */,
			);
			path = Dribbble;
			sourceTree = "<group>";
		};
		530E0C6316CB3D0F0048AAEE /* Facebook */ = {
			isa = PBXGroup;
			children = (
				530E0C6416CB3D0F0048AAEE /* SOFacebookAPIClient.h */,
				530E0C6516CB3D0F0048AAEE /* SOFacebookAPIClient.m */,
				530E0C6616CB3D0F0048AAEE /* SOFacebookUser.h */,
				530E0C6716CB3D0F0048AAEE /* SOFacebookUser.m */,
			);
			path = Facebook;
			sourceTree = "<group>";
		};
		530E0C6816CB3D0F0048AAEE /* Instagram */ = {
			isa = PBXGroup;
			children = (
				530E0C6916CB3D0F0048AAEE /* SOInstagramAPIClient.h */,
				530E0C6A16CB3D0F0048AAEE /* SOInstagramAPIClient.m */,
				530E0C6B16CB3D0F0048AAEE /* SOInstagramUser.h */,
				530E0C6C16CB3D0F0048AAEE /* SOInstagramUser.m */,
			);
			path = Instagram;
			sourceTree = "<group>";
		};
		530E0C6D16CB3D0F0048AAEE /* Pinterest */ = {
			isa = PBXGroup;
			children = (
				530E0C6E16CB3D0F0048AAEE /* SOPinterestAPIClient.h */,
				530E0C6F16CB3D0F0048AAEE /* SOPinterestAPIClient.m */,
				530E0C7016CB3D0F0048AAEE /* SOPinterestUser.h */,
				530E0C7116CB3D0F0048AAEE /* SOPinterestUser.m */,
			);
			path = Pinterest;
			sourceTree = "<group>";
		};
		530E0C7D16CB3D0F0048AAEE /* Tumblr */ = {
			isa = PBXGroup;
			children = (
				530E0C7E16CB3D0F0048AAEE /* SOTumblrBlog.h */,
				530E0C7F16CB3D0F0048AAEE /* SOTumblrBlog.m */,
				530E0C8016CB3D0F0048AAEE /* SOTumblrUser.h */,
				530E0C8116CB3D0F0048AAEE /* SOTumblrUser.m */,
				530E0C8216CB3D0F0048AAEE /* SOTumblrAPIClient.h */,
				530E0C8316CB3D0F0048AAEE /* SOTumblrAPIClient.m */,
			);
			path = Tumblr;
			sourceTree = "<group>";
		};
		530E0C8416CB3D0F0048AAEE /* Twitter */ = {
			isa = PBXGroup;
			children = (
				530E0C8516CB3D0F0048AAEE /* SOTwitterUser.h */,
				530E0C8616CB3D100048AAEE /* SOTwitterUser.m */,
				530E0C8716CB3D100048AAEE /* SOTwitterAPIClient.h */,
				530E0C8816CB3D100048AAEE /* SOTwitterAPIClient.m */,
			);
			path = Twitter;
			sourceTree = "<group>";
		};
		530E0C9B16CB3D9A0048AAEE /* AFNetworking */ = {
			isa = PBXGroup;
			children = (
				530E0C9C16CB3D9A0048AAEE /* AFHTTPClient.h */,
				530E0C9D16CB3D9A0048AAEE /* AFHTTPClient.m */,
				530E0C9E16CB3D9A0048AAEE /* AFHTTPRequestOperation.h */,
				530E0C9F16CB3D9A0048AAEE /* AFHTTPRequestOperation.m */,
				530E0CA016CB3D9A0048AAEE /* AFImageRequestOperation.h */,
				530E0CA116CB3D9A0048AAEE /* AFImageRequestOperation.m */,
				530E0CA216CB3D9A0048AAEE /* AFJSONRequestOperation.h */,
				530E0CA316CB3D9A0048AAEE /* AFJSONRequestOperation.m */,
				530E0CA416CB3D9A0048AAEE /* AFNetworkActivityIndicatorManager.h */,
				530E0CA516CB3D9A0048AAEE /* AFNetworkActivityIndicatorManager.m */,
				530E0CA616CB3D9A0048AAEE /* AFNetworking.h */,
				530E0CA716CB3D9A0048AAEE /* AFPropertyListRequestOperation.h */,
				530E0CA816CB3D9A0048AAEE /* AFPropertyListRequestOperation.m */,
				530E0CA916CB3D9A0048AAEE /* AFURLConnectionOperation.h */,
				530E0CAA16CB3D9A0048AAEE /* AFURLConnectionOperation.m */,
				530E0CAB16CB3D9A0048AAEE /* AFXMLRequestOperation.h */,
				530E0CAC16CB3D9A0048AAEE /* AFXMLRequestOperation.m */,
				530E0CAD16CB3D9A0048AAEE /* UIImageView+AFNetworking.h */,
				530E0CAE16CB3D9A0048AAEE /* UIImageView+AFNetworking.m */,
			);
			name = AFNetworking;
			path = ../Vendor/AFNetworking;
			sourceTree = "<group>";
		};
		536CE2491712459C005CA828 /* Github */ = {
			isa = PBXGroup;
			children = (
				536CE24A1712459C005CA828 /* SOGithubAPIClient.h */,
				536CE24B1712459C005CA828 /* SOGithubAPIClient.m */,
				536CE24C1712459C005CA828 /* SOGithubUser.h */,
				536CE24D1712459C005CA828 /* SOGithubUser.m */,
			);
			path = Github;
			sourceTree = "<group>";
		};
		536CE24E1712459C005CA828 /* Foursquare */ = {
			isa = PBXGroup;
			children = (
				536CE24F1712459C005CA828 /* SOFoursquareAPIClient.h */,
				536CE2501712459C005CA828 /* SOFoursquareAPIClient.m */,
				536CE2511712459C005CA828 /* SOFoursquareUser.h */,
				536CE2521712459C005CA828 /* SOFoursquareUser.m */,
			);
			path = Foursquare;
			sourceTree = "<group>";
		};
		536CE257171245A8005CA828 /* FiveHundredspx */ = {
			isa = PBXGroup;
			children = (
				536CE258171245A8005CA828 /* SOFiveHundredspxAPIClient.h */,
				536CE259171245A8005CA828 /* SOFiveHundredspxAPIClient.m */,
				536CE25A171245A8005CA828 /* SOFiveHundredspxUser.h */,
				536CE25B171245A8005CA828 /* SOFiveHundredspxUser.m */,
			);
			path = FiveHundredspx;
			sourceTree = "<group>";
		};
		538E652A16BF33C9005B6350 /* GTMOAuth */ = {
			isa = PBXGroup;
			children = (
				538E652B16BF33C9005B6350 /* GTMOAuthAuthentication.h */,
				538E652C16BF33C9005B6350 /* GTMOAuthAuthentication.m */,
				538E652D16BF33C9005B6350 /* GTMOAuthSignIn.h */,
				538E652E16BF33C9005B6350 /* GTMOAuthSignIn.m */,
				538E652F16BF33C9005B6350 /* GTMOAuthViewControllerTouch.h */,
				538E653016BF33C9005B6350 /* GTMOAuthViewControllerTouch.m */,
				538E653116BF33C9005B6350 /* GTMOAuthViewTouch.xib */,
			);
			name = GTMOAuth;
			path = ../Vendor/GTMOAuth;
			sourceTree = "<group>";
		};
		538E653216BF33C9005B6350 /* GTMOAuth2 */ = {
			isa = PBXGroup;
			children = (
				538E653316BF33C9005B6350 /* GTMOAuth2Authentication.h */,
				538E653416BF33C9005B6350 /* GTMOAuth2Authentication.m */,
				538E653516BF33C9005B6350 /* GTMOAuth2SignIn.h */,
				538E653616BF33C9005B6350 /* GTMOAuth2SignIn.m */,
				538E653716BF33C9005B6350 /* GTMOAuth2ViewControllerTouch.h */,
				538E653816BF33C9005B6350 /* GTMOAuth2ViewControllerTouch.m */,
				538E653916BF33C9005B6350 /* GTMOAuth2ViewTouch.xib */,
			);
			name = GTMOAuth2;
			path = ../Vendor/GTMOAuth2;
			sourceTree = "<group>";
		};
		538E656016BF346B005B6350 /* GTMHTTPFetcher */ = {
			isa = PBXGroup;
			children = (
				538E656116BF346B005B6350 /* GTMHTTPFetcher.h */,
				538E656216BF346B005B6350 /* GTMHTTPFetcher.m */,
				538E656316BF346B005B6350 /* GTMHTTPFetcherService.h */,
				538E656416BF346B005B6350 /* GTMHTTPFetcherService.m */,
				538E656516BF346B005B6350 /* GTMHTTPFetchHistory.h */,
				538E656616BF346B005B6350 /* GTMHTTPFetchHistory.m */,
			);
			name = GTMHTTPFetcher;
			path = ../Vendor/GTMHTTPFetcher;
			sourceTree = "<group>";
		};
		53B5BE5916B4609200D2EBB1 = {
			isa = PBXGroup;
			children = (
				530E0C5D16CB3D0F0048AAEE /* SocialAccounts */,
				530E0C5C16CB3CFA0048AAEE /* Vendor */,
				53B5BE6E16B4609200D2EBB1 /* SocialAccountsSample */,
				53B5BE6716B4609200D2EBB1 /* Frameworks */,
				53B5BE6516B4609200D2EBB1 /* Products */,
			);
			sourceTree = "<group>";
		};
		53B5BE6516B4609200D2EBB1 /* Products */ = {
			isa = PBXGroup;
			children = (
				53B5BE6416B4609200D2EBB1 /* SocialAccountsSample.app */,
			);
			name = Products;
			sourceTree = "<group>";
		};
		53B5BE6716B4609200D2EBB1 /* Frameworks */ = {
			isa = PBXGroup;
			children = (
				5340E83516BEDA8300C53EF5 /* Accounts.framework */,
				53B5BECE16B4643100D2EBB1 /* Security.framework */,
				53B5BECC16B4642200D2EBB1 /* SystemConfiguration.framework */,
				53B5BE6816B4609200D2EBB1 /* UIKit.framework */,
				53B5BE6A16B4609200D2EBB1 /* Foundation.framework */,
				53B5BE6C16B4609200D2EBB1 /* CoreGraphics.framework */,
			);
			name = Frameworks;
			sourceTree = "<group>";
		};
		53B5BE6E16B4609200D2EBB1 /* SocialAccountsSample */ = {
			isa = PBXGroup;
			children = (
				5340E81716BED59300C53EF5 /* AppDelegate.h */,
				5340E81816BED59300C53EF5 /* AppDelegate.m */,
				5340E81F16BED59300C53EF5 /* ViewController.h */,
				5340E82016BED59300C53EF5 /* ViewController.m */,
				53B5BE6F16B4609200D2EBB1 /* Supporting Files */,
			);
			name = SocialAccountsSample;
			path = PinterestLoginSample;
			sourceTree = "<group>";
		};
		53B5BE6F16B4609200D2EBB1 /* Supporting Files */ = {
			isa = PBXGroup;
			children = (
				5340E82816BED6DC00C53EF5 /* InfoPlist.strings */,
				5340E82A16BED6DD00C53EF5 /* MainStoryboard.storyboard */,
				5340E81916BED59300C53EF5 /* Default-568h@2x.png */,
				5340E81A16BED59300C53EF5 /* Default.png */,
				5340E81B16BED59300C53EF5 /* Default@2x.png */,
				5340E81C16BED59300C53EF5 /* main.m */,
				5340E81D16BED59300C53EF5 /* SocialAccountsSample-Info.plist */,
				5340E81E16BED59300C53EF5 /* SocialAccountsSample-Prefix.pch */,
			);
			name = "Supporting Files";
			sourceTree = "<group>";
		};
/* End PBXGroup section */

/* Begin PBXNativeTarget section */
		53B5BE6316B4609200D2EBB1 /* SocialAccountsSample */ = {
			isa = PBXNativeTarget;
			buildConfigurationList = 53B5BE8B16B4609200D2EBB1 /* Build configuration list for PBXNativeTarget "SocialAccountsSample" */;
			buildPhases = (
				53B5BE6016B4609200D2EBB1 /* Sources */,
				53B5BE6116B4609200D2EBB1 /* Frameworks */,
				53B5BE6216B4609200D2EBB1 /* Resources */,
			);
			buildRules = (
			);
			dependencies = (
			);
			name = SocialAccountsSample;
			productName = PinterestLoginSample;
			productReference = 53B5BE6416B4609200D2EBB1 /* SocialAccountsSample.app */;
			productType = "com.apple.product-type.application";
		};
/* End PBXNativeTarget section */

/* Begin PBXProject section */
		53B5BE5B16B4609200D2EBB1 /* Project object */ = {
			isa = PBXProject;
			attributes = {
				LastUpgradeCheck = 0450;
				ORGANIZATIONNAME = "Kosher Penguin LLC";
			};
			buildConfigurationList = 53B5BE5E16B4609200D2EBB1 /* Build configuration list for PBXProject "SocialAccountsSample" */;
			compatibilityVersion = "Xcode 3.2";
			developmentRegion = English;
			hasScannedForEncodings = 0;
			knownRegions = (
				en,
			);
			mainGroup = 53B5BE5916B4609200D2EBB1;
			productRefGroup = 53B5BE6516B4609200D2EBB1 /* Products */;
			projectDirPath = "";
			projectRoot = "";
			targets = (
				53B5BE6316B4609200D2EBB1 /* SocialAccountsSample */,
			);
		};
/* End PBXProject section */

/* Begin PBXResourcesBuildPhase section */
		53B5BE6216B4609200D2EBB1 /* Resources */ = {
			isa = PBXResourcesBuildPhase;
			buildActionMask = 2147483647;
			files = (
				5340E82216BED59300C53EF5 /* Default-568h@2x.png in Resources */,
				5340E82316BED59300C53EF5 /* Default.png in Resources */,
				5340E82416BED59300C53EF5 /* Default@2x.png in Resources */,
				5340E82C16BED6DD00C53EF5 /* InfoPlist.strings in Resources */,
				5340E82D16BED6DD00C53EF5 /* MainStoryboard.storyboard in Resources */,
				538E653D16BF33C9005B6350 /* GTMOAuthViewTouch.xib in Resources */,
				538E654116BF33C9005B6350 /* GTMOAuth2ViewTouch.xib in Resources */,
				530E0C9516CB3D100048AAEE /* SocialAccounts.bundle in Resources */,
			);
			runOnlyForDeploymentPostprocessing = 0;
		};
/* End PBXResourcesBuildPhase section */

/* Begin PBXSourcesBuildPhase section */
		53B5BE6016B4609200D2EBB1 /* Sources */ = {
			isa = PBXSourcesBuildPhase;
			buildActionMask = 2147483647;
			files = (
				5340E82116BED59300C53EF5 /* AppDelegate.m in Sources */,
				5340E82516BED59300C53EF5 /* main.m in Sources */,
				5340E82716BED59300C53EF5 /* ViewController.m in Sources */,
				538E653A16BF33C9005B6350 /* GTMOAuthAuthentication.m in Sources */,
				538E653B16BF33C9005B6350 /* GTMOAuthSignIn.m in Sources */,
				538E653C16BF33C9005B6350 /* GTMOAuthViewControllerTouch.m in Sources */,
				538E653E16BF33C9005B6350 /* GTMOAuth2Authentication.m in Sources */,
				538E653F16BF33C9005B6350 /* GTMOAuth2SignIn.m in Sources */,
				538E654016BF33C9005B6350 /* GTMOAuth2ViewControllerTouch.m in Sources */,
				538E656716BF346B005B6350 /* GTMHTTPFetcher.m in Sources */,
				538E656816BF346B005B6350 /* GTMHTTPFetcherService.m in Sources */,
				538E656916BF346B005B6350 /* GTMHTTPFetchHistory.m in Sources */,
				530E0C8916CB3D100048AAEE /* SODribbbleAPIClient.m in Sources */,
				530E0C8A16CB3D100048AAEE /* SODribbbleUser.m in Sources */,
				530E0C8B16CB3D100048AAEE /* SOFacebookAPIClient.m in Sources */,
				530E0C8C16CB3D100048AAEE /* SOFacebookUser.m in Sources */,
				530E0C8D16CB3D100048AAEE /* SOInstagramAPIClient.m in Sources */,
				530E0C8E16CB3D100048AAEE /* SOInstagramUser.m in Sources */,
				530E0C8F16CB3D100048AAEE /* SOPinterestAPIClient.m in Sources */,
				530E0C9016CB3D100048AAEE /* SOPinterestUser.m in Sources */,
				530E0C9116CB3D100048AAEE /* SOAccount.m in Sources */,
				530E0C9216CB3D100048AAEE /* SOAccountCredential.m in Sources */,
				530E0C9316CB3D100048AAEE /* SOAccountStore.m in Sources */,
				530E0C9416CB3D100048AAEE /* SOAccountType.m in Sources */,
				530E0C9616CB3D100048AAEE /* SOTumblrBlog.m in Sources */,
				530E0C9716CB3D100048AAEE /* SOTumblrUser.m in Sources */,
				530E0C9816CB3D100048AAEE /* SOTumblrAPIClient.m in Sources */,
				530E0C9916CB3D100048AAEE /* SOTwitterUser.m in Sources */,
				530E0C9A16CB3D100048AAEE /* SOTwitterAPIClient.m in Sources */,
				530E0CAF16CB3D9A0048AAEE /* AFHTTPClient.m in Sources */,
				530E0CB016CB3D9A0048AAEE /* AFHTTPRequestOperation.m in Sources */,
				530E0CB116CB3D9A0048AAEE /* AFImageRequestOperation.m in Sources */,
				530E0CB216CB3D9A0048AAEE /* AFJSONRequestOperation.m in Sources */,
				530E0CB316CB3D9A0048AAEE /* AFNetworkActivityIndicatorManager.m in Sources */,
				530E0CB416CB3D9A0048AAEE /* AFPropertyListRequestOperation.m in Sources */,
				530E0CB516CB3D9A0048AAEE /* AFURLConnectionOperation.m in Sources */,
				530E0CB616CB3D9A0048AAEE /* AFXMLRequestOperation.m in Sources */,
				530E0CB716CB3D9A0048AAEE /* UIImageView+AFNetworking.m in Sources */,
				53332B8B16D4515800A860BA /* SOOAuth2ViewController.m in Sources */,
				536CE2531712459C005CA828 /* SOGithubAPIClient.m in Sources */,
				536CE2541712459C005CA828 /* SOGithubUser.m in Sources */,
				536CE2551712459C005CA828 /* SOFoursquareAPIClient.m in Sources */,
				536CE2561712459C005CA828 /* SOFoursquareUser.m in Sources */,
				536CE25C171245A8005CA828 /* SOFiveHundredspxAPIClient.m in Sources */,
				536CE25D171245A8005CA828 /* SOFiveHundredspxUser.m in Sources */,
			);
			runOnlyForDeploymentPostprocessing = 0;
		};
/* End PBXSourcesBuildPhase section */

/* Begin PBXVariantGroup section */
		5340E82816BED6DC00C53EF5 /* InfoPlist.strings */ = {
			isa = PBXVariantGroup;
			children = (
				5340E82916BED6DD00C53EF5 /* en */,
			);
			name = InfoPlist.strings;
			sourceTree = "<group>";
		};
		5340E82A16BED6DD00C53EF5 /* MainStoryboard.storyboard */ = {
			isa = PBXVariantGroup;
			children = (
				5340E82B16BED6DD00C53EF5 /* en */,
			);
			name = MainStoryboard.storyboard;
			sourceTree = "<group>";
		};
/* End PBXVariantGroup section */

/* Begin XCBuildConfiguration section */
		53B5BE8916B4609200D2EBB1 /* Debug */ = {
			isa = XCBuildConfiguration;
			buildSettings = {
				ALWAYS_SEARCH_USER_PATHS = NO;
				CLANG_CXX_LANGUAGE_STANDARD = "gnu++0x";
				CLANG_CXX_LIBRARY = "libc++";
				CLANG_ENABLE_OBJC_ARC = YES;
				CLANG_WARN_EMPTY_BODY = YES;
				CLANG_WARN__DUPLICATE_METHOD_MATCH = YES;
				"CODE_SIGN_IDENTITY[sdk=iphoneos*]" = "iPhone Developer";
				COPY_PHASE_STRIP = NO;
				GCC_C_LANGUAGE_STANDARD = gnu99;
				GCC_DYNAMIC_NO_PIC = NO;
				GCC_OPTIMIZATION_LEVEL = 0;
				GCC_PREPROCESSOR_DEFINITIONS = (
					"DEBUG=1",
					"$(inherited)",
				);
				GCC_SYMBOLS_PRIVATE_EXTERN = NO;
				GCC_WARN_ABOUT_RETURN_TYPE = YES;
				GCC_WARN_UNINITIALIZED_AUTOS = YES;
				GCC_WARN_UNUSED_VARIABLE = YES;
				IPHONEOS_DEPLOYMENT_TARGET = 6.0;
				ONLY_ACTIVE_ARCH = YES;
				SDKROOT = iphoneos;
				TARGETED_DEVICE_FAMILY = "1,2";
			};
			name = Debug;
		};
		53B5BE8A16B4609200D2EBB1 /* Release */ = {
			isa = XCBuildConfiguration;
			buildSettings = {
				ALWAYS_SEARCH_USER_PATHS = NO;
				CLANG_CXX_LANGUAGE_STANDARD = "gnu++0x";
				CLANG_CXX_LIBRARY = "libc++";
				CLANG_ENABLE_OBJC_ARC = YES;
				CLANG_WARN_EMPTY_BODY = YES;
				CLANG_WARN__DUPLICATE_METHOD_MATCH = YES;
				"CODE_SIGN_IDENTITY[sdk=iphoneos*]" = "iPhone Developer";
				COPY_PHASE_STRIP = YES;
				GCC_C_LANGUAGE_STANDARD = gnu99;
				GCC_WARN_ABOUT_RETURN_TYPE = YES;
				GCC_WARN_UNINITIALIZED_AUTOS = YES;
				GCC_WARN_UNUSED_VARIABLE = YES;
				IPHONEOS_DEPLOYMENT_TARGET = 6.0;
				OTHER_CFLAGS = "-DNS_BLOCK_ASSERTIONS=1";
				SDKROOT = iphoneos;
				TARGETED_DEVICE_FAMILY = "1,2";
				VALIDATE_PRODUCT = YES;
			};
			name = Release;
		};
		53B5BE8C16B4609200D2EBB1 /* Debug */ = {
			isa = XCBuildConfiguration;
			buildSettings = {
				GCC_PRECOMPILE_PREFIX_HEADER = YES;
				GCC_PREFIX_HEADER = "SocialAccountsSample/SocialAccountsSample-Prefix.pch";
				HEADER_SEARCH_PATHS = "";
				INFOPLIST_FILE = "$(SRCROOT)/SocialAccountsSample/SocialAccountsSample-Info.plist";
				IPHONEOS_DEPLOYMENT_TARGET = 5.0;
				PRODUCT_NAME = "$(TARGET_NAME)";
				WRAPPER_EXTENSION = app;
			};
			name = Debug;
		};
		53B5BE8D16B4609200D2EBB1 /* Release */ = {
			isa = XCBuildConfiguration;
			buildSettings = {
				GCC_PRECOMPILE_PREFIX_HEADER = YES;
				GCC_PREFIX_HEADER = "SocialAccountsSample/SocialAccountsSample-Prefix.pch";
				HEADER_SEARCH_PATHS = "";
				INFOPLIST_FILE = "$(SRCROOT)/SocialAccountsSample/SocialAccountsSample-Info.plist";
				IPHONEOS_DEPLOYMENT_TARGET = 5.0;
				PRODUCT_NAME = "$(TARGET_NAME)";
				WRAPPER_EXTENSION = app;
			};
			name = Release;
		};
/* End XCBuildConfiguration section */

/* Begin XCConfigurationList section */
		53B5BE5E16B4609200D2EBB1 /* Build configuration list for PBXProject "SocialAccountsSample" */ = {
			isa = XCConfigurationList;
			buildConfigurations = (
				53B5BE8916B4609200D2EBB1 /* Debug */,
				53B5BE8A16B4609200D2EBB1 /* Release */,
			);
			defaultConfigurationIsVisible = 0;
			defaultConfigurationName = Release;
		};
		53B5BE8B16B4609200D2EBB1 /* Build configuration list for PBXNativeTarget "SocialAccountsSample" */ = {
			isa = XCConfigurationList;
			buildConfigurations = (
				53B5BE8C16B4609200D2EBB1 /* Debug */,
				53B5BE8D16B4609200D2EBB1 /* Release */,
			);
			defaultConfigurationIsVisible = 0;
			defaultConfigurationName = Release;
		};
/* End XCConfigurationList section */
	};
	rootObject = 53B5BE5B16B4609200D2EBB1 /* Project object */;
}
