// !$*UTF8*$!
{
	archiveVersion = 1;
	classes = {
	};
	objectVersion = 46;
	objects = {

/* Begin PBXBuildFile section */
		531D46FD16C529D9008DC7BF /* SOFacebookUser.m in Sources */ = {isa = PBXBuildFile; fileRef = 531D46F116C529D9008DC7BF /* SOFacebookUser.m */; };
		531D46FE16C529D9008DC7BF /* SOInstagramUser.m in Sources */ = {isa = PBXBuildFile; fileRef = 531D46F416C529D9008DC7BF /* SOInstagramUser.m */; };
		531D46FF16C529D9008DC7BF /* SOTumblrBlog.m in Sources */ = {isa = PBXBuildFile; fileRef = 531D46F716C529D9008DC7BF /* SOTumblrBlog.m */; };
		531D470016C529D9008DC7BF /* SOTumblrUser.m in Sources */ = {isa = PBXBuildFile; fileRef = 531D46F916C529D9008DC7BF /* SOTumblrUser.m */; };
		531D470116C529D9008DC7BF /* SOTwitterUser.m in Sources */ = {isa = PBXBuildFile; fileRef = 531D46FC16C529D9008DC7BF /* SOTwitterUser.m */; };
		5340E82116BED59300C53EF5 /* AppDelegate.m in Sources */ = {isa = PBXBuildFile; fileRef = 5340E81816BED59300C53EF5 /* AppDelegate.m */; };
		5340E82216BED59300C53EF5 /* Default-568h@2x.png in Resources */ = {isa = PBXBuildFile; fileRef = 5340E81916BED59300C53EF5 /* Default-568h@2x.png */; };
		5340E82316BED59300C53EF5 /* Default.png in Resources */ = {isa = PBXBuildFile; fileRef = 5340E81A16BED59300C53EF5 /* Default.png */; };
		5340E82416BED59300C53EF5 /* Default@2x.png in Resources */ = {isa = PBXBuildFile; fileRef = 5340E81B16BED59300C53EF5 /* Default@2x.png */; };
		5340E82516BED59300C53EF5 /* main.m in Sources */ = {isa = PBXBuildFile; fileRef = 5340E81C16BED59300C53EF5 /* main.m */; };
		5340E82716BED59300C53EF5 /* ViewController.m in Sources */ = {isa = PBXBuildFile; fileRef = 5340E82016BED59300C53EF5 /* ViewController.m */; };
		5340E82C16BED6DD00C53EF5 /* InfoPlist.strings in Resources */ = {isa = PBXBuildFile; fileRef = 5340E82816BED6DC00C53EF5 /* InfoPlist.strings */; };
		5340E82D16BED6DD00C53EF5 /* MainStoryboard.storyboard in Resources */ = {isa = PBXBuildFile; fileRef = 5340E82A16BED6DD00C53EF5 /* MainStoryboard.storyboard */; };
		5340E83616BEDA8300C53EF5 /* Accounts.framework in Frameworks */ = {isa = PBXBuildFile; fileRef = 5340E83516BEDA8300C53EF5 /* Accounts.framework */; };
		5340E85216BEE7A500C53EF5 /* SOAccountType.m in Sources */ = {isa = PBXBuildFile; fileRef = 5340E85016BEE7A500C53EF5 /* SOAccountType.m */; };
		5340E88616BF03E700C53EF5 /* SOAccount.m in Sources */ = {isa = PBXBuildFile; fileRef = 5340E88016BF03E700C53EF5 /* SOAccount.m */; };
		5340E88716BF03E700C53EF5 /* SOAccountCredential.m in Sources */ = {isa = PBXBuildFile; fileRef = 5340E88216BF03E700C53EF5 /* SOAccountCredential.m */; };
		5340E88816BF03E700C53EF5 /* SOAccountStore.m in Sources */ = {isa = PBXBuildFile; fileRef = 5340E88416BF03E700C53EF5 /* SOAccountStore.m */; };
		5340E88916BF03E700C53EF5 /* SocialAccounts.bundle in Resources */ = {isa = PBXBuildFile; fileRef = 5340E88516BF03E700C53EF5 /* SocialAccounts.bundle */; };
		538E653A16BF33C9005B6350 /* GTMOAuthAuthentication.m in Sources */ = {isa = PBXBuildFile; fileRef = 538E652C16BF33C9005B6350 /* GTMOAuthAuthentication.m */; settings = {COMPILER_FLAGS = "-fno-objc-arc"; }; };
		538E653B16BF33C9005B6350 /* GTMOAuthSignIn.m in Sources */ = {isa = PBXBuildFile; fileRef = 538E652E16BF33C9005B6350 /* GTMOAuthSignIn.m */; settings = {COMPILER_FLAGS = "-fno-objc-arc"; }; };
		538E653C16BF33C9005B6350 /* GTMOAuthViewControllerTouch.m in Sources */ = {isa = PBXBuildFile; fileRef = 538E653016BF33C9005B6350 /* GTMOAuthViewControllerTouch.m */; settings = {COMPILER_FLAGS = "-fno-objc-arc"; }; };
		538E653D16BF33C9005B6350 /* GTMOAuthViewTouch.xib in Resources */ = {isa = PBXBuildFile; fileRef = 538E653116BF33C9005B6350 /* GTMOAuthViewTouch.xib */; };
		538E653E16BF33C9005B6350 /* GTMOAuth2Authentication.m in Sources */ = {isa = PBXBuildFile; fileRef = 538E653416BF33C9005B6350 /* GTMOAuth2Authentication.m */; settings = {COMPILER_FLAGS = "-fno-objc-arc"; }; };
		538E653F16BF33C9005B6350 /* GTMOAuth2SignIn.m in Sources */ = {isa = PBXBuildFile; fileRef = 538E653616BF33C9005B6350 /* GTMOAuth2SignIn.m */; settings = {COMPILER_FLAGS = "-fno-objc-arc"; }; };
		538E654016BF33C9005B6350 /* GTMOAuth2ViewControllerTouch.m in Sources */ = {isa = PBXBuildFile; fileRef = 538E653816BF33C9005B6350 /* GTMOAuth2ViewControllerTouch.m */; settings = {COMPILER_FLAGS = "-fno-objc-arc"; }; };
		538E654116BF33C9005B6350 /* GTMOAuth2ViewTouch.xib in Resources */ = {isa = PBXBuildFile; fileRef = 538E653916BF33C9005B6350 /* GTMOAuth2ViewTouch.xib */; };
		538E656716BF346B005B6350 /* GTMHTTPFetcher.m in Sources */ = {isa = PBXBuildFile; fileRef = 538E656216BF346B005B6350 /* GTMHTTPFetcher.m */; settings = {COMPILER_FLAGS = "-fno-objc-arc"; }; };
		538E656816BF346B005B6350 /* GTMHTTPFetcherService.m in Sources */ = {isa = PBXBuildFile; fileRef = 538E656416BF346B005B6350 /* GTMHTTPFetcherService.m */; settings = {COMPILER_FLAGS = "-fno-objc-arc"; }; };
		538E656916BF346B005B6350 /* GTMHTTPFetchHistory.m in Sources */ = {isa = PBXBuildFile; fileRef = 538E656616BF346B005B6350 /* GTMHTTPFetchHistory.m */; settings = {COMPILER_FLAGS = "-fno-objc-arc"; }; };
		53B5BE6916B4609200D2EBB1 /* UIKit.framework in Frameworks */ = {isa = PBXBuildFile; fileRef = 53B5BE6816B4609200D2EBB1 /* UIKit.framework */; };
		53B5BE6B16B4609200D2EBB1 /* Foundation.framework in Frameworks */ = {isa = PBXBuildFile; fileRef = 53B5BE6A16B4609200D2EBB1 /* Foundation.framework */; };
		53B5BE6D16B4609200D2EBB1 /* CoreGraphics.framework in Frameworks */ = {isa = PBXBuildFile; fileRef = 53B5BE6C16B4609200D2EBB1 /* CoreGraphics.framework */; };
		53B5BECD16B4642200D2EBB1 /* SystemConfiguration.framework in Frameworks */ = {isa = PBXBuildFile; fileRef = 53B5BECC16B4642200D2EBB1 /* SystemConfiguration.framework */; };
		53B5BECF16B4643100D2EBB1 /* Security.framework in Frameworks */ = {isa = PBXBuildFile; fileRef = 53B5BECE16B4643100D2EBB1 /* Security.framework */; };
/* End PBXBuildFile section */

/* Begin PBXFileReference section */
		531D46F016C529D9008DC7BF /* SOFacebookUser.h */ = {isa = PBXFileReference; fileEncoding = 4; lastKnownFileType = sourcecode.c.h; path = SOFacebookUser.h; sourceTree = "<group>"; };
		531D46F116C529D9008DC7BF /* SOFacebookUser.m */ = {isa = PBXFileReference; fileEncoding = 4; lastKnownFileType = sourcecode.c.objc; path = SOFacebookUser.m; sourceTree = "<group>"; };
		531D46F316C529D9008DC7BF /* SOInstagramUser.h */ = {isa = PBXFileReference; fileEncoding = 4; lastKnownFileType = sourcecode.c.h; path = SOInstagramUser.h; sourceTree = "<group>"; };
		531D46F416C529D9008DC7BF /* SOInstagramUser.m */ = {isa = PBXFileReference; fileEncoding = 4; lastKnownFileType = sourcecode.c.objc; path = SOInstagramUser.m; sourceTree = "<group>"; };
		531D46F616C529D9008DC7BF /* SOTumblrBlog.h */ = {isa = PBXFileReference; fileEncoding = 4; lastKnownFileType = sourcecode.c.h; path = SOTumblrBlog.h; sourceTree = "<group>"; };
		531D46F716C529D9008DC7BF /* SOTumblrBlog.m */ = {isa = PBXFileReference; fileEncoding = 4; lastKnownFileType = sourcecode.c.objc; path = SOTumblrBlog.m; sourceTree = "<group>"; };
		531D46F816C529D9008DC7BF /* SOTumblrUser.h */ = {isa = PBXFileReference; fileEncoding = 4; lastKnownFileType = sourcecode.c.h; path = SOTumblrUser.h; sourceTree = "<group>"; };
		531D46F916C529D9008DC7BF /* SOTumblrUser.m */ = {isa = PBXFileReference; fileEncoding = 4; lastKnownFileType = sourcecode.c.objc; path = SOTumblrUser.m; sourceTree = "<group>"; };
		531D46FB16C529D9008DC7BF /* SOTwitterUser.h */ = {isa = PBXFileReference; fileEncoding = 4; lastKnownFileType = sourcecode.c.h; path = SOTwitterUser.h; sourceTree = "<group>"; };
		531D46FC16C529D9008DC7BF /* SOTwitterUser.m */ = {isa = PBXFileReference; fileEncoding = 4; lastKnownFileType = sourcecode.c.objc; path = SOTwitterUser.m; sourceTree = "<group>"; };
		531D470216C529EB008DC7BF /* SOUser.h */ = {isa = PBXFileReference; lastKnownFileType = sourcecode.c.h; name = SOUser.h; path = ../SocialAccounts/SOUser.h; sourceTree = "<group>"; };
		5340E81716BED59300C53EF5 /* AppDelegate.h */ = {isa = PBXFileReference; fileEncoding = 4; lastKnownFileType = sourcecode.c.h; name = AppDelegate.h; path = SocialAccountsSample/AppDelegate.h; sourceTree = SOURCE_ROOT; };
		5340E81816BED59300C53EF5 /* AppDelegate.m */ = {isa = PBXFileReference; fileEncoding = 4; lastKnownFileType = sourcecode.c.objc; name = AppDelegate.m; path = SocialAccountsSample/AppDelegate.m; sourceTree = SOURCE_ROOT; };
		5340E81916BED59300C53EF5 /* Default-568h@2x.png */ = {isa = PBXFileReference; lastKnownFileType = image.png; name = "Default-568h@2x.png"; path = "SocialAccountsSample/Default-568h@2x.png"; sourceTree = SOURCE_ROOT; };
		5340E81A16BED59300C53EF5 /* Default.png */ = {isa = PBXFileReference; lastKnownFileType = image.png; name = Default.png; path = SocialAccountsSample/Default.png; sourceTree = SOURCE_ROOT; };
		5340E81B16BED59300C53EF5 /* Default@2x.png */ = {isa = PBXFileReference; lastKnownFileType = image.png; name = "Default@2x.png"; path = "SocialAccountsSample/Default@2x.png"; sourceTree = SOURCE_ROOT; };
		5340E81C16BED59300C53EF5 /* main.m */ = {isa = PBXFileReference; fileEncoding = 4; lastKnownFileType = sourcecode.c.objc; name = main.m; path = SocialAccountsSample/main.m; sourceTree = SOURCE_ROOT; };
		5340E81D16BED59300C53EF5 /* SocialAccountsSample-Info.plist */ = {isa = PBXFileReference; fileEncoding = 4; lastKnownFileType = text.plist.xml; name = "SocialAccountsSample-Info.plist"; path = "SocialAccountsSample/SocialAccountsSample-Info.plist"; sourceTree = SOURCE_ROOT; };
		5340E81E16BED59300C53EF5 /* SocialAccountsSample-Prefix.pch */ = {isa = PBXFileReference; fileEncoding = 4; lastKnownFileType = sourcecode.c.h; name = "SocialAccountsSample-Prefix.pch"; path = "SocialAccountsSample/SocialAccountsSample-Prefix.pch"; sourceTree = SOURCE_ROOT; };
		5340E81F16BED59300C53EF5 /* ViewController.h */ = {isa = PBXFileReference; fileEncoding = 4; lastKnownFileType = sourcecode.c.h; name = ViewController.h; path = SocialAccountsSample/ViewController.h; sourceTree = SOURCE_ROOT; };
		5340E82016BED59300C53EF5 /* ViewController.m */ = {isa = PBXFileReference; fileEncoding = 4; lastKnownFileType = sourcecode.c.objc; name = ViewController.m; path = SocialAccountsSample/ViewController.m; sourceTree = SOURCE_ROOT; };
		5340E82916BED6DD00C53EF5 /* en */ = {isa = PBXFileReference; lastKnownFileType = text.plist.strings; name = en; path = SocialAccountsSample/en.lproj/InfoPlist.strings; sourceTree = SOURCE_ROOT; };
		5340E82B16BED6DD00C53EF5 /* en */ = {isa = PBXFileReference; lastKnownFileType = file.storyboard; name = en; path = SocialAccountsSample/en.lproj/MainStoryboard.storyboard; sourceTree = SOURCE_ROOT; };
		5340E83516BEDA8300C53EF5 /* Accounts.framework */ = {isa = PBXFileReference; lastKnownFileType = wrapper.framework; name = Accounts.framework; path = System/Library/Frameworks/Accounts.framework; sourceTree = SDKROOT; };
		5340E84F16BEE7A500C53EF5 /* SOAccountType.h */ = {isa = PBXFileReference; fileEncoding = 4; lastKnownFileType = sourcecode.c.h; name = SOAccountType.h; path = ../SocialAccounts/SOAccountType.h; sourceTree = "<group>"; };
		5340E85016BEE7A500C53EF5 /* SOAccountType.m */ = {isa = PBXFileReference; fileEncoding = 4; lastKnownFileType = sourcecode.c.objc; name = SOAccountType.m; path = ../SocialAccounts/SOAccountType.m; sourceTree = "<group>"; };
		5340E85116BEE7A500C53EF5 /* SocialAccounts.h */ = {isa = PBXFileReference; fileEncoding = 4; lastKnownFileType = sourcecode.c.h; name = SocialAccounts.h; path = ../SocialAccounts/SocialAccounts.h; sourceTree = "<group>"; };
		5340E87F16BF03E700C53EF5 /* SOAccount.h */ = {isa = PBXFileReference; fileEncoding = 4; lastKnownFileType = sourcecode.c.h; name = SOAccount.h; path = ../SocialAccounts/SOAccount.h; sourceTree = "<group>"; };
		5340E88016BF03E700C53EF5 /* SOAccount.m */ = {isa = PBXFileReference; fileEncoding = 4; lastKnownFileType = sourcecode.c.objc; name = SOAccount.m; path = ../SocialAccounts/SOAccount.m; sourceTree = "<group>"; };
		5340E88116BF03E700C53EF5 /* SOAccountCredential.h */ = {isa = PBXFileReference; fileEncoding = 4; lastKnownFileType = sourcecode.c.h; name = SOAccountCredential.h; path = ../SocialAccounts/SOAccountCredential.h; sourceTree = "<group>"; };
		5340E88216BF03E700C53EF5 /* SOAccountCredential.m */ = {isa = PBXFileReference; fileEncoding = 4; lastKnownFileType = sourcecode.c.objc; name = SOAccountCredential.m; path = ../SocialAccounts/SOAccountCredential.m; sourceTree = "<group>"; };
		5340E88316BF03E700C53EF5 /* SOAccountStore.h */ = {isa = PBXFileReference; fileEncoding = 4; lastKnownFileType = sourcecode.c.h; name = SOAccountStore.h; path = ../SocialAccounts/SOAccountStore.h; sourceTree = "<group>"; };
		5340E88416BF03E700C53EF5 /* SOAccountStore.m */ = {isa = PBXFileReference; fileEncoding = 4; lastKnownFileType = sourcecode.c.objc; name = SOAccountStore.m; path = ../SocialAccounts/SOAccountStore.m; sourceTree = "<group>"; };
		5340E88516BF03E700C53EF5 /* SocialAccounts.bundle */ = {isa = PBXFileReference; lastKnownFileType = "wrapper.plug-in"; name = SocialAccounts.bundle; path = ../SocialAccounts/SocialAccounts.bundle; sourceTree = "<group>"; };
		538E652B16BF33C9005B6350 /* GTMOAuthAuthentication.h */ = {isa = PBXFileReference; fileEncoding = 4; lastKnownFileType = sourcecode.c.h; path = GTMOAuthAuthentication.h; sourceTree = "<group>"; };
		538E652C16BF33C9005B6350 /* GTMOAuthAuthentication.m */ = {isa = PBXFileReference; fileEncoding = 4; lastKnownFileType = sourcecode.c.objc; path = GTMOAuthAuthentication.m; sourceTree = "<group>"; };
		538E652D16BF33C9005B6350 /* GTMOAuthSignIn.h */ = {isa = PBXFileReference; fileEncoding = 4; lastKnownFileType = sourcecode.c.h; path = GTMOAuthSignIn.h; sourceTree = "<group>"; };
		538E652E16BF33C9005B6350 /* GTMOAuthSignIn.m */ = {isa = PBXFileReference; fileEncoding = 4; lastKnownFileType = sourcecode.c.objc; path = GTMOAuthSignIn.m; sourceTree = "<group>"; };
		538E652F16BF33C9005B6350 /* GTMOAuthViewControllerTouch.h */ = {isa = PBXFileReference; fileEncoding = 4; lastKnownFileType = sourcecode.c.h; path = GTMOAuthViewControllerTouch.h; sourceTree = "<group>"; };
		538E653016BF33C9005B6350 /* GTMOAuthViewControllerTouch.m */ = {isa = PBXFileReference; fileEncoding = 4; lastKnownFileType = sourcecode.c.objc; path = GTMOAuthViewControllerTouch.m; sourceTree = "<group>"; };
		538E653116BF33C9005B6350 /* GTMOAuthViewTouch.xib */ = {isa = PBXFileReference; fileEncoding = 4; lastKnownFileType = file.xib; path = GTMOAuthViewTouch.xib; sourceTree = "<group>"; };
		538E653316BF33C9005B6350 /* GTMOAuth2Authentication.h */ = {isa = PBXFileReference; fileEncoding = 4; lastKnownFileType = sourcecode.c.h; path = GTMOAuth2Authentication.h; sourceTree = "<group>"; };
		538E653416BF33C9005B6350 /* GTMOAuth2Authentication.m */ = {isa = PBXFileReference; fileEncoding = 4; lastKnownFileType = sourcecode.c.objc; path = GTMOAuth2Authentication.m; sourceTree = "<group>"; };
		538E653516BF33C9005B6350 /* GTMOAuth2SignIn.h */ = {isa = PBXFileReference; fileEncoding = 4; lastKnownFileType = sourcecode.c.h; path = GTMOAuth2SignIn.h; sourceTree = "<group>"; };
		538E653616BF33C9005B6350 /* GTMOAuth2SignIn.m */ = {isa = PBXFileReference; fileEncoding = 4; lastKnownFileType = sourcecode.c.objc; path = GTMOAuth2SignIn.m; sourceTree = "<group>"; };
		538E653716BF33C9005B6350 /* GTMOAuth2ViewControllerTouch.h */ = {isa = PBXFileReference; fileEncoding = 4; lastKnownFileType = sourcecode.c.h; path = GTMOAuth2ViewControllerTouch.h; sourceTree = "<group>"; };
		538E653816BF33C9005B6350 /* GTMOAuth2ViewControllerTouch.m */ = {isa = PBXFileReference; fileEncoding = 4; lastKnownFileType = sourcecode.c.objc; path = GTMOAuth2ViewControllerTouch.m; sourceTree = "<group>"; };
		538E653916BF33C9005B6350 /* GTMOAuth2ViewTouch.xib */ = {isa = PBXFileReference; fileEncoding = 4; lastKnownFileType = file.xib; path = GTMOAuth2ViewTouch.xib; sourceTree = "<group>"; };
		538E656116BF346B005B6350 /* GTMHTTPFetcher.h */ = {isa = PBXFileReference; fileEncoding = 4; lastKnownFileType = sourcecode.c.h; path = GTMHTTPFetcher.h; sourceTree = "<group>"; };
		538E656216BF346B005B6350 /* GTMHTTPFetcher.m */ = {isa = PBXFileReference; fileEncoding = 4; lastKnownFileType = sourcecode.c.objc; path = GTMHTTPFetcher.m; sourceTree = "<group>"; };
		538E656316BF346B005B6350 /* GTMHTTPFetcherService.h */ = {isa = PBXFileReference; fileEncoding = 4; lastKnownFileType = sourcecode.c.h; path = GTMHTTPFetcherService.h; sourceTree = "<group>"; };
		538E656416BF346B005B6350 /* GTMHTTPFetcherService.m */ = {isa = PBXFileReference; fileEncoding = 4; lastKnownFileType = sourcecode.c.objc; path = GTMHTTPFetcherService.m; sourceTree = "<group>"; };
		538E656516BF346B005B6350 /* GTMHTTPFetchHistory.h */ = {isa = PBXFileReference; fileEncoding = 4; lastKnownFileType = sourcecode.c.h; path = GTMHTTPFetchHistory.h; sourceTree = "<group>"; };
		538E656616BF346B005B6350 /* GTMHTTPFetchHistory.m */ = {isa = PBXFileReference; fileEncoding = 4; lastKnownFileType = sourcecode.c.objc; path = GTMHTTPFetchHistory.m; sourceTree = "<group>"; };
		53B5BE6416B4609200D2EBB1 /* SocialAccountsSample.app */ = {isa = PBXFileReference; explicitFileType = wrapper.application; includeInIndex = 0; path = SocialAccountsSample.app; sourceTree = BUILT_PRODUCTS_DIR; };
		53B5BE6816B4609200D2EBB1 /* UIKit.framework */ = {isa = PBXFileReference; lastKnownFileType = wrapper.framework; name = UIKit.framework; path = System/Library/Frameworks/UIKit.framework; sourceTree = SDKROOT; };
		53B5BE6A16B4609200D2EBB1 /* Foundation.framework */ = {isa = PBXFileReference; lastKnownFileType = wrapper.framework; name = Foundation.framework; path = System/Library/Frameworks/Foundation.framework; sourceTree = SDKROOT; };
		53B5BE6C16B4609200D2EBB1 /* CoreGraphics.framework */ = {isa = PBXFileReference; lastKnownFileType = wrapper.framework; name = CoreGraphics.framework; path = System/Library/Frameworks/CoreGraphics.framework; sourceTree = SDKROOT; };
		53B5BECC16B4642200D2EBB1 /* SystemConfiguration.framework */ = {isa = PBXFileReference; lastKnownFileType = wrapper.framework; name = SystemConfiguration.framework; path = System/Library/Frameworks/SystemConfiguration.framework; sourceTree = SDKROOT; };
		53B5BECE16B4643100D2EBB1 /* Security.framework */ = {isa = PBXFileReference; lastKnownFileType = wrapper.framework; name = Security.framework; path = System/Library/Frameworks/Security.framework; sourceTree = SDKROOT; };
/* End PBXFileReference section */

/* Begin PBXFrameworksBuildPhase section */
		53B5BE6116B4609200D2EBB1 /* Frameworks */ = {
			isa = PBXFrameworksBuildPhase;
			buildActionMask = 2147483647;
			files = (
				5340E83616BEDA8300C53EF5 /* Accounts.framework in Frameworks */,
				53B5BE6916B4609200D2EBB1 /* UIKit.framework in Frameworks */,
				53B5BE6B16B4609200D2EBB1 /* Foundation.framework in Frameworks */,
				53B5BE6D16B4609200D2EBB1 /* CoreGraphics.framework in Frameworks */,
				53B5BECD16B4642200D2EBB1 /* SystemConfiguration.framework in Frameworks */,
				53B5BECF16B4643100D2EBB1 /* Security.framework in Frameworks */,
			);
			runOnlyForDeploymentPostprocessing = 0;
		};
/* End PBXFrameworksBuildPhase section */

/* Begin PBXGroup section */
		531D46EF16C529D9008DC7BF /* Facebook */ = {
			isa = PBXGroup;
			children = (
				531D46F016C529D9008DC7BF /* SOFacebookUser.h */,
				531D46F116C529D9008DC7BF /* SOFacebookUser.m */,
			);
			name = Facebook;
			path = ../SocialAccounts/Facebook;
			sourceTree = "<group>";
		};
		531D46F216C529D9008DC7BF /* Instagram */ = {
			isa = PBXGroup;
			children = (
				531D46F316C529D9008DC7BF /* SOInstagramUser.h */,
				531D46F416C529D9008DC7BF /* SOInstagramUser.m */,
			);
			name = Instagram;
			path = ../SocialAccounts/Instagram;
			sourceTree = "<group>";
		};
		531D46F516C529D9008DC7BF /* Tumblr */ = {
			isa = PBXGroup;
			children = (
				531D46F616C529D9008DC7BF /* SOTumblrBlog.h */,
				531D46F716C529D9008DC7BF /* SOTumblrBlog.m */,
				531D46F816C529D9008DC7BF /* SOTumblrUser.h */,
				531D46F916C529D9008DC7BF /* SOTumblrUser.m */,
			);
			name = Tumblr;
			path = ../SocialAccounts/Tumblr;
			sourceTree = "<group>";
		};
		531D46FA16C529D9008DC7BF /* Twitter */ = {
			isa = PBXGroup;
			children = (
				531D46FB16C529D9008DC7BF /* SOTwitterUser.h */,
				531D46FC16C529D9008DC7BF /* SOTwitterUser.m */,
			);
			name = Twitter;
			path = ../SocialAccounts/Twitter;
			sourceTree = "<group>";
		};
		5340E82E16BED75300C53EF5 /* SocialAccounts */ = {
			isa = PBXGroup;
			children = (
				531D46EF16C529D9008DC7BF /* Facebook */,
				531D46F216C529D9008DC7BF /* Instagram */,
				531D46F516C529D9008DC7BF /* Tumblr */,
				531D46FA16C529D9008DC7BF /* Twitter */,
				538E656016BF346B005B6350 /* GTMHTTPFetcher */,
				538E652A16BF33C9005B6350 /* GTMOAuth */,
				538E653216BF33C9005B6350 /* GTMOAuth2 */,
				5340E87F16BF03E700C53EF5 /* SOAccount.h */,
				5340E88016BF03E700C53EF5 /* SOAccount.m */,
				5340E88116BF03E700C53EF5 /* SOAccountCredential.h */,
				5340E88216BF03E700C53EF5 /* SOAccountCredential.m */,
				5340E88316BF03E700C53EF5 /* SOAccountStore.h */,
				5340E88416BF03E700C53EF5 /* SOAccountStore.m */,
				5340E88516BF03E700C53EF5 /* SocialAccounts.bundle */,
				5340E85116BEE7A500C53EF5 /* SocialAccounts.h */,
				5340E84F16BEE7A500C53EF5 /* SOAccountType.h */,
				5340E85016BEE7A500C53EF5 /* SOAccountType.m */,
				531D470216C529EB008DC7BF /* SOUser.h */,
			);
			name = SocialAccounts;
			sourceTree = "<group>";
		};
		538E652A16BF33C9005B6350 /* GTMOAuth */ = {
			isa = PBXGroup;
			children = (
				538E652B16BF33C9005B6350 /* GTMOAuthAuthentication.h */,
				538E652C16BF33C9005B6350 /* GTMOAuthAuthentication.m */,
				538E652D16BF33C9005B6350 /* GTMOAuthSignIn.h */,
				538E652E16BF33C9005B6350 /* GTMOAuthSignIn.m */,
				538E652F16BF33C9005B6350 /* GTMOAuthViewControllerTouch.h */,
				538E653016BF33C9005B6350 /* GTMOAuthViewControllerTouch.m */,
				538E653116BF33C9005B6350 /* GTMOAuthViewTouch.xib */,
			);
			name = GTMOAuth;
			path = ../Vendor/GTMOAuth;
			sourceTree = "<group>";
		};
		538E653216BF33C9005B6350 /* GTMOAuth2 */ = {
			isa = PBXGroup;
			children = (
				538E653316BF33C9005B6350 /* GTMOAuth2Authentication.h */,
				538E653416BF33C9005B6350 /* GTMOAuth2Authentication.m */,
				538E653516BF33C9005B6350 /* GTMOAuth2SignIn.h */,
				538E653616BF33C9005B6350 /* GTMOAuth2SignIn.m */,
				538E653716BF33C9005B6350 /* GTMOAuth2ViewControllerTouch.h */,
				538E653816BF33C9005B6350 /* GTMOAuth2ViewControllerTouch.m */,
				538E653916BF33C9005B6350 /* GTMOAuth2ViewTouch.xib */,
			);
			name = GTMOAuth2;
			path = ../Vendor/GTMOAuth2;
			sourceTree = "<group>";
		};
		538E656016BF346B005B6350 /* GTMHTTPFetcher */ = {
			isa = PBXGroup;
			children = (
				538E656116BF346B005B6350 /* GTMHTTPFetcher.h */,
				538E656216BF346B005B6350 /* GTMHTTPFetcher.m */,
				538E656316BF346B005B6350 /* GTMHTTPFetcherService.h */,
				538E656416BF346B005B6350 /* GTMHTTPFetcherService.m */,
				538E656516BF346B005B6350 /* GTMHTTPFetchHistory.h */,
				538E656616BF346B005B6350 /* GTMHTTPFetchHistory.m */,
			);
			name = GTMHTTPFetcher;
			path = ../Vendor/GTMHTTPFetcher;
			sourceTree = "<group>";
		};
		53B5BE5916B4609200D2EBB1 = {
			isa = PBXGroup;
			children = (
				5340E82E16BED75300C53EF5 /* SocialAccounts */,
				53B5BE6E16B4609200D2EBB1 /* SocialAccountsSample */,
				53B5BE6716B4609200D2EBB1 /* Frameworks */,
				53B5BE6516B4609200D2EBB1 /* Products */,
			);
			sourceTree = "<group>";
		};
		53B5BE6516B4609200D2EBB1 /* Products */ = {
			isa = PBXGroup;
			children = (
				53B5BE6416B4609200D2EBB1 /* SocialAccountsSample.app */,
			);
			name = Products;
			sourceTree = "<group>";
		};
		53B5BE6716B4609200D2EBB1 /* Frameworks */ = {
			isa = PBXGroup;
			children = (
				5340E83516BEDA8300C53EF5 /* Accounts.framework */,
				53B5BECE16B4643100D2EBB1 /* Security.framework */,
				53B5BECC16B4642200D2EBB1 /* SystemConfiguration.framework */,
				53B5BE6816B4609200D2EBB1 /* UIKit.framework */,
				53B5BE6A16B4609200D2EBB1 /* Foundation.framework */,
				53B5BE6C16B4609200D2EBB1 /* CoreGraphics.framework */,
			);
			name = Frameworks;
			sourceTree = "<group>";
		};
		53B5BE6E16B4609200D2EBB1 /* SocialAccountsSample */ = {
			isa = PBXGroup;
			children = (
				5340E81716BED59300C53EF5 /* AppDelegate.h */,
				5340E81816BED59300C53EF5 /* AppDelegate.m */,
				5340E81F16BED59300C53EF5 /* ViewController.h */,
				5340E82016BED59300C53EF5 /* ViewController.m */,
				53B5BE6F16B4609200D2EBB1 /* Supporting Files */,
			);
			name = SocialAccountsSample;
			path = PinterestLoginSample;
			sourceTree = "<group>";
		};
		53B5BE6F16B4609200D2EBB1 /* Supporting Files */ = {
			isa = PBXGroup;
			children = (
				5340E82816BED6DC00C53EF5 /* InfoPlist.strings */,
				5340E82A16BED6DD00C53EF5 /* MainStoryboard.storyboard */,
				5340E81916BED59300C53EF5 /* Default-568h@2x.png */,
				5340E81A16BED59300C53EF5 /* Default.png */,
				5340E81B16BED59300C53EF5 /* Default@2x.png */,
				5340E81C16BED59300C53EF5 /* main.m */,
				5340E81D16BED59300C53EF5 /* SocialAccountsSample-Info.plist */,
				5340E81E16BED59300C53EF5 /* SocialAccountsSample-Prefix.pch */,
			);
			name = "Supporting Files";
			sourceTree = "<group>";
		};
/* End PBXGroup section */

/* Begin PBXNativeTarget section */
		53B5BE6316B4609200D2EBB1 /* SocialAccountsSample */ = {
			isa = PBXNativeTarget;
			buildConfigurationList = 53B5BE8B16B4609200D2EBB1 /* Build configuration list for PBXNativeTarget "SocialAccountsSample" */;
			buildPhases = (
				53B5BE6016B4609200D2EBB1 /* Sources */,
				53B5BE6116B4609200D2EBB1 /* Frameworks */,
				53B5BE6216B4609200D2EBB1 /* Resources */,
			);
			buildRules = (
			);
			dependencies = (
			);
			name = SocialAccountsSample;
			productName = PinterestLoginSample;
			productReference = 53B5BE6416B4609200D2EBB1 /* SocialAccountsSample.app */;
			productType = "com.apple.product-type.application";
		};
/* End PBXNativeTarget section */

/* Begin PBXProject section */
		53B5BE5B16B4609200D2EBB1 /* Project object */ = {
			isa = PBXProject;
			attributes = {
				LastUpgradeCheck = 0450;
				ORGANIZATIONNAME = "Kosher Penguin LLC";
			};
			buildConfigurationList = 53B5BE5E16B4609200D2EBB1 /* Build configuration list for PBXProject "SocialAccountsSample" */;
			compatibilityVersion = "Xcode 3.2";
			developmentRegion = English;
			hasScannedForEncodings = 0;
			knownRegions = (
				en,
			);
			mainGroup = 53B5BE5916B4609200D2EBB1;
			productRefGroup = 53B5BE6516B4609200D2EBB1 /* Products */;
			projectDirPath = "";
			projectRoot = "";
			targets = (
				53B5BE6316B4609200D2EBB1 /* SocialAccountsSample */,
			);
		};
/* End PBXProject section */

/* Begin PBXResourcesBuildPhase section */
		53B5BE6216B4609200D2EBB1 /* Resources */ = {
			isa = PBXResourcesBuildPhase;
			buildActionMask = 2147483647;
			files = (
				5340E82216BED59300C53EF5 /* Default-568h@2x.png in Resources */,
				5340E82316BED59300C53EF5 /* Default.png in Resources */,
				5340E82416BED59300C53EF5 /* Default@2x.png in Resources */,
				5340E82C16BED6DD00C53EF5 /* InfoPlist.strings in Resources */,
				5340E82D16BED6DD00C53EF5 /* MainStoryboard.storyboard in Resources */,
				5340E88916BF03E700C53EF5 /* SocialAccounts.bundle in Resources */,
				538E653D16BF33C9005B6350 /* GTMOAuthViewTouch.xib in Resources */,
				538E654116BF33C9005B6350 /* GTMOAuth2ViewTouch.xib in Resources */,
			);
			runOnlyForDeploymentPostprocessing = 0;
		};
/* End PBXResourcesBuildPhase section */

/* Begin PBXSourcesBuildPhase section */
		53B5BE6016B4609200D2EBB1 /* Sources */ = {
			isa = PBXSourcesBuildPhase;
			buildActionMask = 2147483647;
			files = (
				5340E82116BED59300C53EF5 /* AppDelegate.m in Sources */,
				5340E82516BED59300C53EF5 /* main.m in Sources */,
				5340E82716BED59300C53EF5 /* ViewController.m in Sources */,
				5340E85216BEE7A500C53EF5 /* SOAccountType.m in Sources */,
				5340E88616BF03E700C53EF5 /* SOAccount.m in Sources */,
				5340E88716BF03E700C53EF5 /* SOAccountCredential.m in Sources */,
				5340E88816BF03E700C53EF5 /* SOAccountStore.m in Sources */,
				538E653A16BF33C9005B6350 /* GTMOAuthAuthentication.m in Sources */,
				538E653B16BF33C9005B6350 /* GTMOAuthSignIn.m in Sources */,
				538E653C16BF33C9005B6350 /* GTMOAuthViewControllerTouch.m in Sources */,
				538E653E16BF33C9005B6350 /* GTMOAuth2Authentication.m in Sources */,
				538E653F16BF33C9005B6350 /* GTMOAuth2SignIn.m in Sources */,
				538E654016BF33C9005B6350 /* GTMOAuth2ViewControllerTouch.m in Sources */,
				538E656716BF346B005B6350 /* GTMHTTPFetcher.m in Sources */,
				538E656816BF346B005B6350 /* GTMHTTPFetcherService.m in Sources */,
				538E656916BF346B005B6350 /* GTMHTTPFetchHistory.m in Sources */,
				531D46FD16C529D9008DC7BF /* SOFacebookUser.m in Sources */,
				531D46FE16C529D9008DC7BF /* SOInstagramUser.m in Sources */,
				531D46FF16C529D9008DC7BF /* SOTumblrBlog.m in Sources */,
				531D470016C529D9008DC7BF /* SOTumblrUser.m in Sources */,
				531D470116C529D9008DC7BF /* SOTwitterUser.m in Sources */,
			);
			runOnlyForDeploymentPostprocessing = 0;
		};
/* End PBXSourcesBuildPhase section */

/* Begin PBXVariantGroup section */
		5340E82816BED6DC00C53EF5 /* InfoPlist.strings */ = {
			isa = PBXVariantGroup;
			children = (
				5340E82916BED6DD00C53EF5 /* en */,
			);
			name = InfoPlist.strings;
			sourceTree = "<group>";
		};
		5340E82A16BED6DD00C53EF5 /* MainStoryboard.storyboard */ = {
			isa = PBXVariantGroup;
			children = (
				5340E82B16BED6DD00C53EF5 /* en */,
			);
			name = MainStoryboard.storyboard;
			sourceTree = "<group>";
		};
/* End PBXVariantGroup section */

/* Begin XCBuildConfiguration section */
		53B5BE8916B4609200D2EBB1 /* Debug */ = {
			isa = XCBuildConfiguration;
			buildSettings = {
				ALWAYS_SEARCH_USER_PATHS = NO;
				CLANG_CXX_LANGUAGE_STANDARD = "gnu++0x";
				CLANG_CXX_LIBRARY = "libc++";
				CLANG_ENABLE_OBJC_ARC = YES;
				CLANG_WARN_EMPTY_BODY = YES;
				CLANG_WARN__DUPLICATE_METHOD_MATCH = YES;
				"CODE_SIGN_IDENTITY[sdk=iphoneos*]" = "iPhone Developer";
				COPY_PHASE_STRIP = NO;
				GCC_C_LANGUAGE_STANDARD = gnu99;
				GCC_DYNAMIC_NO_PIC = NO;
				GCC_OPTIMIZATION_LEVEL = 0;
				GCC_PREPROCESSOR_DEFINITIONS = (
					"DEBUG=1",
					"$(inherited)",
				);
				GCC_SYMBOLS_PRIVATE_EXTERN = NO;
				GCC_WARN_ABOUT_RETURN_TYPE = YES;
				GCC_WARN_UNINITIALIZED_AUTOS = YES;
				GCC_WARN_UNUSED_VARIABLE = YES;
				IPHONEOS_DEPLOYMENT_TARGET = 6.0;
				ONLY_ACTIVE_ARCH = YES;
				SDKROOT = iphoneos;
				TARGETED_DEVICE_FAMILY = "1,2";
			};
			name = Debug;
		};
		53B5BE8A16B4609200D2EBB1 /* Release */ = {
			isa = XCBuildConfiguration;
			buildSettings = {
				ALWAYS_SEARCH_USER_PATHS = NO;
				CLANG_CXX_LANGUAGE_STANDARD = "gnu++0x";
				CLANG_CXX_LIBRARY = "libc++";
				CLANG_ENABLE_OBJC_ARC = YES;
				CLANG_WARN_EMPTY_BODY = YES;
				CLANG_WARN__DUPLICATE_METHOD_MATCH = YES;
				"CODE_SIGN_IDENTITY[sdk=iphoneos*]" = "iPhone Developer";
				COPY_PHASE_STRIP = YES;
				GCC_C_LANGUAGE_STANDARD = gnu99;
				GCC_WARN_ABOUT_RETURN_TYPE = YES;
				GCC_WARN_UNINITIALIZED_AUTOS = YES;
				GCC_WARN_UNUSED_VARIABLE = YES;
				IPHONEOS_DEPLOYMENT_TARGET = 6.0;
				OTHER_CFLAGS = "-DNS_BLOCK_ASSERTIONS=1";
				SDKROOT = iphoneos;
				TARGETED_DEVICE_FAMILY = "1,2";
				VALIDATE_PRODUCT = YES;
			};
			name = Release;
		};
		53B5BE8C16B4609200D2EBB1 /* Debug */ = {
			isa = XCBuildConfiguration;
			buildSettings = {
				GCC_PRECOMPILE_PREFIX_HEADER = YES;
				GCC_PREFIX_HEADER = "SocialAccountsSample/SocialAccountsSample-Prefix.pch";
				HEADER_SEARCH_PATHS = "";
				INFOPLIST_FILE = "$(SRCROOT)/SocialAccountsSample/SocialAccountsSample-Info.plist";
				IPHONEOS_DEPLOYMENT_TARGET = 5.0;
				PRODUCT_NAME = "$(TARGET_NAME)";
				WRAPPER_EXTENSION = app;
			};
			name = Debug;
		};
		53B5BE8D16B4609200D2EBB1 /* Release */ = {
			isa = XCBuildConfiguration;
			buildSettings = {
				GCC_PRECOMPILE_PREFIX_HEADER = YES;
				GCC_PREFIX_HEADER = "SocialAccountsSample/SocialAccountsSample-Prefix.pch";
				HEADER_SEARCH_PATHS = "";
				INFOPLIST_FILE = "$(SRCROOT)/SocialAccountsSample/SocialAccountsSample-Info.plist";
				IPHONEOS_DEPLOYMENT_TARGET = 5.0;
				PRODUCT_NAME = "$(TARGET_NAME)";
				WRAPPER_EXTENSION = app;
			};
			name = Release;
		};
/* End XCBuildConfiguration section */

/* Begin XCConfigurationList section */
		53B5BE5E16B4609200D2EBB1 /* Build configuration list for PBXProject "SocialAccountsSample" */ = {
			isa = XCConfigurationList;
			buildConfigurations = (
				53B5BE8916B4609200D2EBB1 /* Debug */,
				53B5BE8A16B4609200D2EBB1 /* Release */,
			);
			defaultConfigurationIsVisible = 0;
			defaultConfigurationName = Release;
		};
		53B5BE8B16B4609200D2EBB1 /* Build configuration list for PBXNativeTarget "SocialAccountsSample" */ = {
			isa = XCConfigurationList;
			buildConfigurations = (
				53B5BE8C16B4609200D2EBB1 /* Debug */,
				53B5BE8D16B4609200D2EBB1 /* Release */,
			);
			defaultConfigurationIsVisible = 0;
			defaultConfigurationName = Release;
		};
/* End XCConfigurationList section */
	};
	rootObject = 53B5BE5B16B4609200D2EBB1 /* Project object */;
}
